
Microsoft Visual Studio Solution File, Format Version 12.00
# Visual Studio Version 17
VisualStudioVersion = 17.11.35208.52
MinimumVisualStudioVersion = 10.0.40219.1
Project("{8BC9CEB8-8B4A-11D0-8D11-00A0C91BC942}") = "P01", "P01\P01.vcxproj", "{FB8708F4-8D12-486F-BF4C-5D424092A7C8}"
EndProject
Project("{8BC9CEB8-8B4A-11D0-8D11-00A0C91BC942}") = "P02", "P02\P02.vcxproj", "{F9FC22DE-864A-48AF-8236-149649ECBB2E}"
EndProject
Project("{8BC9CEB8-8B4A-11D0-8D11-00A0C91BC942}") = "P03", "P03\P03.vcxproj", "{70404FC1-6411-4FE3-8478-8835415045D6}"
EndProject
Project("{8BC9CEB8-8B4A-11D0-8D11-00A0C91BC942}") = "P04", "P04\P04.vcxproj", "{70D8F96F-C315-4701-BF04-E1DA391CDEF8}"
EndProject
Project("{8BC9CEB8-8B4A-11D0-8D11-00A0C91BC942}") = "P05", "P05\P05.vcxproj", "{44626E6D-B279-416E-B4ED-6D307FE04BE6}"
EndProject
Project("{8BC9CEB8-8B4A-11D0-8D11-00A0C91BC942}") = "P06", "P06\P06.vcxproj", "{72AE4CA8-2E4F-41D7-B574-5FE589E04C0E}"
EndProject
Project("{8BC9CEB8-8B4A-11D0-8D11-00A0C91BC942}") = "P07", "P07\P07.vcxproj", "{D1707B17-3FE5-4FB8-8AE9-EE7D65B1FA34}"
EndProject
Project("{8BC9CEB8-8B4A-11D0-8D11-00A0C91BC942}") = "P08", "P08\P08.vcxproj", "{C639D8F1-D7BA-4A2C-A896-EA563A0F12F7}"
EndProject
Project("{8BC9CEB8-8B4A-11D0-8D11-00A0C91BC942}") = "P09", "P09\P09.vcxproj", "{4893EDEF-036C-486C-A779-9EB6F7F2703A}"
EndProject
Project("{8BC9CEB8-8B4A-11D0-8D11-00A0C91BC942}") = "P10", "P10\P10.vcxproj", "{98FBE336-878A-43EB-BB2A-C20BB4A3B142}"
EndProject
Project("{8BC9CEB8-8B4A-11D0-8D11-00A0C91BC942}") = "P11", "P11\P11.vcxproj", "{DD5043BF-BAB4-4AB6-A934-87B1511FE771}"
EndProject
Project("{8BC9CEB8-8B4A-11D0-8D11-00A0C91BC942}") = "P12", "P12\P12.vcxproj", "{4C093597-BD62-4579-B139-2C9E105824F8}"
EndProject
Project("{8BC9CEB8-8B4A-11D0-8D11-00A0C91BC942}") = "P18", "P18\P18.vcxproj", "{4BC9117B-839C-4967-AC20-8EB38AD67EA0}"
EndProject
Project("{8BC9CEB8-8B4A-11D0-8D11-00A0C91BC942}") = "P19", "P19\P19.vcxproj", "{65D7B9C7-6F19-40B0-8510-7BABE09B30F6}"
EndProject
Project("{8BC9CEB8-8B4A-11D0-8D11-00A0C91BC942}") = "P20", "P20\P20.vcxproj", "{4DF3ED02-7E0C-4799-BE96-6A89A5F10EF7}"
EndProject
Project("{8BC9CEB8-8B4A-11D0-8D11-00A0C91BC942}") = "P30", "P30\P30.vcxproj", "{238D84E5-61BC-4BF4-AAC6-9EA308D2BA29}"
EndProject
Project("{8BC9CEB8-8B4A-11D0-8D11-00A0C91BC942}") = "P31", "P31\P31.vcxproj", "{D5C947C2-5AF3-4F32-9EA2-F26D1C53AAAD}"
EndProject
Project("{8BC9CEB8-8B4A-11D0-8D11-00A0C91BC942}") = "P32", "P32\P32.vcxproj", "{62411F7E-DABF-44F2-94A5-672274CB108E}"
EndProject
Project("{8BC9CEB8-8B4A-11D0-8D11-00A0C91BC942}") = "P33", "P33\P33.vcxproj", "{1F4F49E1-429D-4BD5-B6F6-0BB028C51728}"
EndProject
Project("{8BC9CEB8-8B4A-11D0-8D11-00A0C91BC942}") = "P34", "P34\P34.vcxproj", "{C52B5AF2-22E4-469A-BEDB-D5771A70BFED}"
EndProject
Global
	GlobalSection(SolutionConfigurationPlatforms) = preSolution
		Debug|x64 = Debug|x64
		Debug|x86 = Debug|x86
		Release|x64 = Release|x64
		Release|x86 = Release|x86
	EndGlobalSection
	GlobalSection(ProjectConfigurationPlatforms) = postSolution
		{FB8708F4-8D12-486F-BF4C-5D424092A7C8}.Debug|x64.ActiveCfg = Debug|x64
		{FB8708F4-8D12-486F-BF4C-5D424092A7C8}.Debug|x64.Build.0 = Debug|x64
		{FB8708F4-8D12-486F-BF4C-5D424092A7C8}.Debug|x86.ActiveCfg = Debug|Win32
		{FB8708F4-8D12-486F-BF4C-5D424092A7C8}.Debug|x86.Build.0 = Debug|Win32
		{FB8708F4-8D12-486F-BF4C-5D424092A7C8}.Release|x64.ActiveCfg = Release|x64
		{FB8708F4-8D12-486F-BF4C-5D424092A7C8}.Release|x64.Build.0 = Release|x64
		{FB8708F4-8D12-486F-BF4C-5D424092A7C8}.Release|x86.ActiveCfg = Release|Win32
		{FB8708F4-8D12-486F-BF4C-5D424092A7C8}.Release|x86.Build.0 = Release|Win32
		{F9FC22DE-864A-48AF-8236-149649ECBB2E}.Debug|x64.ActiveCfg = Debug|x64
		{F9FC22DE-864A-48AF-8236-149649ECBB2E}.Debug|x64.Build.0 = Debug|x64
		{F9FC22DE-864A-48AF-8236-149649ECBB2E}.Debug|x86.ActiveCfg = Debug|Win32
		{F9FC22DE-864A-48AF-8236-149649ECBB2E}.Debug|x86.Build.0 = Debug|Win32
		{F9FC22DE-864A-48AF-8236-149649ECBB2E}.Release|x64.ActiveCfg = Release|x64
		{F9FC22DE-864A-48AF-8236-149649ECBB2E}.Release|x64.Build.0 = Release|x64
		{F9FC22DE-864A-48AF-8236-149649ECBB2E}.Release|x86.ActiveCfg = Release|Win32
		{F9FC22DE-864A-48AF-8236-149649ECBB2E}.Release|x86.Build.0 = Release|Win32
		{70404FC1-6411-4FE3-8478-8835415045D6}.Debug|x64.ActiveCfg = Debug|x64
		{70404FC1-6411-4FE3-8478-8835415045D6}.Debug|x64.Build.0 = Debug|x64
		{70404FC1-6411-4FE3-8478-8835415045D6}.Debug|x86.ActiveCfg = Debug|Win32
		{70404FC1-6411-4FE3-8478-8835415045D6}.Debug|x86.Build.0 = Debug|Win32
		{70404FC1-6411-4FE3-8478-8835415045D6}.Release|x64.ActiveCfg = Release|x64
		{70404FC1-6411-4FE3-8478-8835415045D6}.Release|x64.Build.0 = Release|x64
		{70404FC1-6411-4FE3-8478-8835415045D6}.Release|x86.ActiveCfg = Release|Win32
		{70404FC1-6411-4FE3-8478-8835415045D6}.Release|x86.Build.0 = Release|Win32
		{70D8F96F-C315-4701-BF04-E1DA391CDEF8}.Debug|x64.ActiveCfg = Debug|x64
		{70D8F96F-C315-4701-BF04-E1DA391CDEF8}.Debug|x64.Build.0 = Debug|x64
		{70D8F96F-C315-4701-BF04-E1DA391CDEF8}.Debug|x86.ActiveCfg = Debug|Win32
		{70D8F96F-C315-4701-BF04-E1DA391CDEF8}.Debug|x86.Build.0 = Debug|Win32
		{70D8F96F-C315-4701-BF04-E1DA391CDEF8}.Release|x64.ActiveCfg = Release|x64
		{70D8F96F-C315-4701-BF04-E1DA391CDEF8}.Release|x64.Build.0 = Release|x64
		{70D8F96F-C315-4701-BF04-E1DA391CDEF8}.Release|x86.ActiveCfg = Release|Win32
		{70D8F96F-C315-4701-BF04-E1DA391CDEF8}.Release|x86.Build.0 = Release|Win32
		{44626E6D-B279-416E-B4ED-6D307FE04BE6}.Debug|x64.ActiveCfg = Debug|x64
		{44626E6D-B279-416E-B4ED-6D307FE04BE6}.Debug|x64.Build.0 = Debug|x64
		{44626E6D-B279-416E-B4ED-6D307FE04BE6}.Debug|x86.ActiveCfg = Debug|Win32
		{44626E6D-B279-416E-B4ED-6D307FE04BE6}.Debug|x86.Build.0 = Debug|Win32
		{44626E6D-B279-416E-B4ED-6D307FE04BE6}.Release|x64.ActiveCfg = Release|x64
		{44626E6D-B279-416E-B4ED-6D307FE04BE6}.Release|x64.Build.0 = Release|x64
		{44626E6D-B279-416E-B4ED-6D307FE04BE6}.Release|x86.ActiveCfg = Release|Win32
		{44626E6D-B279-416E-B4ED-6D307FE04BE6}.Release|x86.Build.0 = Release|Win32
		{72AE4CA8-2E4F-41D7-B574-5FE589E04C0E}.Debug|x64.ActiveCfg = Debug|x64
		{72AE4CA8-2E4F-41D7-B574-5FE589E04C0E}.Debug|x64.Build.0 = Debug|x64
		{72AE4CA8-2E4F-41D7-B574-5FE589E04C0E}.Debug|x86.ActiveCfg = Debug|Win32
		{72AE4CA8-2E4F-41D7-B574-5FE589E04C0E}.Debug|x86.Build.0 = Debug|Win32
		{72AE4CA8-2E4F-41D7-B574-5FE589E04C0E}.Release|x64.ActiveCfg = Release|x64
		{72AE4CA8-2E4F-41D7-B574-5FE589E04C0E}.Release|x64.Build.0 = Release|x64
		{72AE4CA8-2E4F-41D7-B574-5FE589E04C0E}.Release|x86.ActiveCfg = Release|Win32
		{72AE4CA8-2E4F-41D7-B574-5FE589E04C0E}.Release|x86.Build.0 = Release|Win32
		{D1707B17-3FE5-4FB8-8AE9-EE7D65B1FA34}.Debug|x64.ActiveCfg = Debug|x64
		{D1707B17-3FE5-4FB8-8AE9-EE7D65B1FA34}.Debug|x64.Build.0 = Debug|x64
		{D1707B17-3FE5-4FB8-8AE9-EE7D65B1FA34}.Debug|x86.ActiveCfg = Debug|Win32
		{D1707B17-3FE5-4FB8-8AE9-EE7D65B1FA34}.Debug|x86.Build.0 = Debug|Win32
		{D1707B17-3FE5-4FB8-8AE9-EE7D65B1FA34}.Release|x64.ActiveCfg = Release|x64
		{D1707B17-3FE5-4FB8-8AE9-EE7D65B1FA34}.Release|x64.Build.0 = Release|x64
		{D1707B17-3FE5-4FB8-8AE9-EE7D65B1FA34}.Release|x86.ActiveCfg = Release|Win32
		{D1707B17-3FE5-4FB8-8AE9-EE7D65B1FA34}.Release|x86.Build.0 = Release|Win32
		{C639D8F1-D7BA-4A2C-A896-EA563A0F12F7}.Debug|x64.ActiveCfg = Debug|x64
		{C639D8F1-D7BA-4A2C-A896-EA563A0F12F7}.Debug|x64.Build.0 = Debug|x64
		{C639D8F1-D7BA-4A2C-A896-EA563A0F12F7}.Debug|x86.ActiveCfg = Debug|Win32
		{C639D8F1-D7BA-4A2C-A896-EA563A0F12F7}.Debug|x86.Build.0 = Debug|Win32
		{C639D8F1-D7BA-4A2C-A896-EA563A0F12F7}.Release|x64.ActiveCfg = Release|x64
		{C639D8F1-D7BA-4A2C-A896-EA563A0F12F7}.Release|x64.Build.0 = Release|x64
		{C639D8F1-D7BA-4A2C-A896-EA563A0F12F7}.Release|x86.ActiveCfg = Release|Win32
		{C639D8F1-D7BA-4A2C-A896-EA563A0F12F7}.Release|x86.Build.0 = Release|Win32
		{4893EDEF-036C-486C-A779-9EB6F7F2703A}.Debug|x64.ActiveCfg = Debug|x64
		{4893EDEF-036C-486C-A779-9EB6F7F2703A}.Debug|x64.Build.0 = Debug|x64
		{4893EDEF-036C-486C-A779-9EB6F7F2703A}.Debug|x86.ActiveCfg = Debug|Win32
		{4893EDEF-036C-486C-A779-9EB6F7F2703A}.Debug|x86.Build.0 = Debug|Win32
		{4893EDEF-036C-486C-A779-9EB6F7F2703A}.Release|x64.ActiveCfg = Release|x64
		{4893EDEF-036C-486C-A779-9EB6F7F2703A}.Release|x64.Build.0 = Release|x64
		{4893EDEF-036C-486C-A779-9EB6F7F2703A}.Release|x86.ActiveCfg = Release|Win32
		{4893EDEF-036C-486C-A779-9EB6F7F2703A}.Release|x86.Build.0 = Release|Win32
		{98FBE336-878A-43EB-BB2A-C20BB4A3B142}.Debug|x64.ActiveCfg = Debug|x64
		{98FBE336-878A-43EB-BB2A-C20BB4A3B142}.Debug|x64.Build.0 = Debug|x64
		{98FBE336-878A-43EB-BB2A-C20BB4A3B142}.Debug|x86.ActiveCfg = Debug|Win32
		{98FBE336-878A-43EB-BB2A-C20BB4A3B142}.Debug|x86.Build.0 = Debug|Win32
		{98FBE336-878A-43EB-BB2A-C20BB4A3B142}.Release|x64.ActiveCfg = Release|x64
		{98FBE336-878A-43EB-BB2A-C20BB4A3B142}.Release|x64.Build.0 = Release|x64
		{98FBE336-878A-43EB-BB2A-C20BB4A3B142}.Release|x86.ActiveCfg = Release|Win32
		{98FBE336-878A-43EB-BB2A-C20BB4A3B142}.Release|x86.Build.0 = Release|Win32
		{DD5043BF-BAB4-4AB6-A934-87B1511FE771}.Debug|x64.ActiveCfg = Debug|x64
		{DD5043BF-BAB4-4AB6-A934-87B1511FE771}.Debug|x64.Build.0 = Debug|x64
		{DD5043BF-BAB4-4AB6-A934-87B1511FE771}.Debug|x86.ActiveCfg = Debug|Win32
		{DD5043BF-BAB4-4AB6-A934-87B1511FE771}.Debug|x86.Build.0 = Debug|Win32
		{DD5043BF-BAB4-4AB6-A934-87B1511FE771}.Release|x64.ActiveCfg = Release|x64
		{DD5043BF-BAB4-4AB6-A934-87B1511FE771}.Release|x64.Build.0 = Release|x64
		{DD5043BF-BAB4-4AB6-A934-87B1511FE771}.Release|x86.ActiveCfg = Release|Win32
		{DD5043BF-BAB4-4AB6-A934-87B1511FE771}.Release|x86.Build.0 = Release|Win32
		{4C093597-BD62-4579-B139-2C9E105824F8}.Debug|x64.ActiveCfg = Debug|x64
		{4C093597-BD62-4579-B139-2C9E105824F8}.Debug|x64.Build.0 = Debug|x64
		{4C093597-BD62-4579-B139-2C9E105824F8}.Debug|x86.ActiveCfg = Debug|Win32
		{4C093597-BD62-4579-B139-2C9E105824F8}.Debug|x86.Build.0 = Debug|Win32
		{4C093597-BD62-4579-B139-2C9E105824F8}.Release|x64.ActiveCfg = Release|x64
		{4C093597-BD62-4579-B139-2C9E105824F8}.Release|x64.Build.0 = Release|x64
		{4C093597-BD62-4579-B139-2C9E105824F8}.Release|x86.ActiveCfg = Release|Win32
		{4C093597-BD62-4579-B139-2C9E105824F8}.Release|x86.Build.0 = Release|Win32
		{4BC9117B-839C-4967-AC20-8EB38AD67EA0}.Debug|x64.ActiveCfg = Debug|x64
		{4BC9117B-839C-4967-AC20-8EB38AD67EA0}.Debug|x64.Build.0 = Debug|x64
		{4BC9117B-839C-4967-AC20-8EB38AD67EA0}.Debug|x86.ActiveCfg = Debug|Win32
		{4BC9117B-839C-4967-AC20-8EB38AD67EA0}.Debug|x86.Build.0 = Debug|Win32
		{4BC9117B-839C-4967-AC20-8EB38AD67EA0}.Release|x64.ActiveCfg = Release|x64
		{4BC9117B-839C-4967-AC20-8EB38AD67EA0}.Release|x64.Build.0 = Release|x64
		{4BC9117B-839C-4967-AC20-8EB38AD67EA0}.Release|x86.ActiveCfg = Release|Win32
		{4BC9117B-839C-4967-AC20-8EB38AD67EA0}.Release|x86.Build.0 = Release|Win32
		{65D7B9C7-6F19-40B0-8510-7BABE09B30F6}.Debug|x64.ActiveCfg = Debug|x64
		{65D7B9C7-6F19-40B0-8510-7BABE09B30F6}.Debug|x64.Build.0 = Debug|x64
		{65D7B9C7-6F19-40B0-8510-7BABE09B30F6}.Debug|x86.ActiveCfg = Debug|Win32
		{65D7B9C7-6F19-40B0-8510-7BABE09B30F6}.Debug|x86.Build.0 = Debug|Win32
		{65D7B9C7-6F19-40B0-8510-7BABE09B30F6}.Release|x64.ActiveCfg = Release|x64
		{65D7B9C7-6F19-40B0-8510-7BABE09B30F6}.Release|x64.Build.0 = Release|x64
		{65D7B9C7-6F19-40B0-8510-7BABE09B30F6}.Release|x86.ActiveCfg = Release|Win32
		{65D7B9C7-6F19-40B0-8510-7BABE09B30F6}.Release|x86.Build.0 = Release|Win32
		{4DF3ED02-7E0C-4799-BE96-6A89A5F10EF7}.Debug|x64.ActiveCfg = Debug|x64
		{4DF3ED02-7E0C-4799-BE96-6A89A5F10EF7}.Debug|x64.Build.0 = Debug|x64
		{4DF3ED02-7E0C-4799-BE96-6A89A5F10EF7}.Debug|x86.ActiveCfg = Debug|Win32
		{4DF3ED02-7E0C-4799-BE96-6A89A5F10EF7}.Debug|x86.Build.0 = Debug|Win32
		{4DF3ED02-7E0C-4799-BE96-6A89A5F10EF7}.Release|x64.ActiveCfg = Release|x64
		{4DF3ED02-7E0C-4799-BE96-6A89A5F10EF7}.Release|x64.Build.0 = Release|x64
		{4DF3ED02-7E0C-4799-BE96-6A89A5F10EF7}.Release|x86.ActiveCfg = Release|Win32
		{4DF3ED02-7E0C-4799-BE96-6A89A5F10EF7}.Release|x86.Build.0 = Release|Win32
		{238D84E5-61BC-4BF4-AAC6-9EA308D2BA29}.Debug|x64.ActiveCfg = Debug|x64
		{238D84E5-61BC-4BF4-AAC6-9EA308D2BA29}.Debug|x64.Build.0 = Debug|x64
		{238D84E5-61BC-4BF4-AAC6-9EA308D2BA29}.Debug|x86.ActiveCfg = Debug|Win32
		{238D84E5-61BC-4BF4-AAC6-9EA308D2BA29}.Debug|x86.Build.0 = Debug|Win32
		{238D84E5-61BC-4BF4-AAC6-9EA308D2BA29}.Release|x64.ActiveCfg = Release|x64
		{238D84E5-61BC-4BF4-AAC6-9EA308D2BA29}.Release|x64.Build.0 = Release|x64
		{238D84E5-61BC-4BF4-AAC6-9EA308D2BA29}.Release|x86.ActiveCfg = Release|Win32
		{238D84E5-61BC-4BF4-AAC6-9EA308D2BA29}.Release|x86.Build.0 = Release|Win32
		{D5C947C2-5AF3-4F32-9EA2-F26D1C53AAAD}.Debug|x64.ActiveCfg = Debug|x64
		{D5C947C2-5AF3-4F32-9EA2-F26D1C53AAAD}.Debug|x64.Build.0 = Debug|x64
		{D5C947C2-5AF3-4F32-9EA2-F26D1C53AAAD}.Debug|x86.ActiveCfg = Debug|Win32
		{D5C947C2-5AF3-4F32-9EA2-F26D1C53AAAD}.Debug|x86.Build.0 = Debug|Win32
		{D5C947C2-5AF3-4F32-9EA2-F26D1C53AAAD}.Release|x64.ActiveCfg = Release|x64
		{D5C947C2-5AF3-4F32-9EA2-F26D1C53AAAD}.Release|x64.Build.0 = Release|x64
		{D5C947C2-5AF3-4F32-9EA2-F26D1C53AAAD}.Release|x86.ActiveCfg = Release|Win32
		{D5C947C2-5AF3-4F32-9EA2-F26D1C53AAAD}.Release|x86.Build.0 = Release|Win32
		{62411F7E-DABF-44F2-94A5-672274CB108E}.Debug|x64.ActiveCfg = Debug|x64
		{62411F7E-DABF-44F2-94A5-672274CB108E}.Debug|x64.Build.0 = Debug|x64
		{62411F7E-DABF-44F2-94A5-672274CB108E}.Debug|x86.ActiveCfg = Debug|Win32
		{62411F7E-DABF-44F2-94A5-672274CB108E}.Debug|x86.Build.0 = Debug|Win32
		{62411F7E-DABF-44F2-94A5-672274CB108E}.Release|x64.ActiveCfg = Release|x64
		{62411F7E-DABF-44F2-94A5-672274CB108E}.Release|x64.Build.0 = Release|x64
		{62411F7E-DABF-44F2-94A5-672274CB108E}.Release|x86.ActiveCfg = Release|Win32
		{62411F7E-DABF-44F2-94A5-672274CB108E}.Release|x86.Build.0 = Release|Win32
		{1F4F49E1-429D-4BD5-B6F6-0BB028C51728}.Debug|x64.ActiveCfg = Debug|x64
		{1F4F49E1-429D-4BD5-B6F6-0BB028C51728}.Debug|x64.Build.0 = Debug|x64
		{1F4F49E1-429D-4BD5-B6F6-0BB028C51728}.Debug|x86.ActiveCfg = Debug|Win32
		{1F4F49E1-429D-4BD5-B6F6-0BB028C51728}.Debug|x86.Build.0 = Debug|Win32
		{1F4F49E1-429D-4BD5-B6F6-0BB028C51728}.Release|x64.ActiveCfg = Release|x64
		{1F4F49E1-429D-4BD5-B6F6-0BB028C51728}.Release|x64.Build.0 = Release|x64
		{1F4F49E1-429D-4BD5-B6F6-0BB028C51728}.Release|x86.ActiveCfg = Release|Win32
		{1F4F49E1-429D-4BD5-B6F6-0BB028C51728}.Release|x86.Build.0 = Release|Win32
		{C52B5AF2-22E4-469A-BEDB-D5771A70BFED}.Debug|x64.ActiveCfg = Debug|x64
		{C52B5AF2-22E4-469A-BEDB-D5771A70BFED}.Debug|x64.Build.0 = Debug|x64
		{C52B5AF2-22E4-469A-BEDB-D5771A70BFED}.Debug|x86.ActiveCfg = Debug|Win32
		{C52B5AF2-22E4-469A-BEDB-D5771A70BFED}.Debug|x86.Build.0 = Debug|Win32
		{C52B5AF2-22E4-469A-BEDB-D5771A70BFED}.Release|x64.ActiveCfg = Release|x64
		{C52B5AF2-22E4-469A-BEDB-D5771A70BFED}.Release|x64.Build.0 = Release|x64
		{C52B5AF2-22E4-469A-BEDB-D5771A70BFED}.Release|x86.ActiveCfg = Release|Win32
		{C52B5AF2-22E4-469A-BEDB-D5771A70BFED}.Release|x86.Build.0 = Release|Win32
	EndGlobalSection
	GlobalSection(SolutionProperties) = preSolution
		HideSolutionNode = FALSE
	EndGlobalSection
	GlobalSection(ExtensibilityGlobals) = postSolution
		SolutionGuid = {9F066100-C826-4384-B6A7-45D26C8F9FC2}
	EndGlobalSection
EndGlobal
