
Microsoft Visual Studio Solution File, Format Version 12.00
# Visual Studio Version 17
VisualStudioVersion = 17.11.35208.52
MinimumVisualStudioVersion = 10.0.40219.1
Project("{8BC9CEB8-8B4A-11D0-8D11-00A0C91BC942}") = "P01", "P01\P01.vcxproj", "{46DC95EB-7685-489A-ABE0-4A7155DE7C9A}"
EndProject
Project("{8BC9CEB8-8B4A-11D0-8D11-00A0C91BC942}") = "P04", "P04\P04.vcxproj", "{73E685A8-C1B0-4144-A5D3-894A3EF8D88C}"
EndProject
Project("{8BC9CEB8-8B4A-11D0-8D11-00A0C91BC942}") = "P02", "P02\P02.vcxproj", "{A330CCDF-B53B-4D55-A556-4174703DE38D}"
EndProject
Project("{8BC9CEB8-8B4A-11D0-8D11-00A0C91BC942}") = "P03", "P03\P03.vcxproj", "{E743C3C7-D98A-477F-8F2C-5A91AF083B56}"
EndProject
Project("{8BC9CEB8-8B4A-11D0-8D11-00A0C91BC942}") = "P05", "P05\P05.vcxproj", "{189D9A31-D796-476F-8A33-CE505A96D90A}"
EndProject
Project("{8BC9CEB8-8B4A-11D0-8D11-00A0C91BC942}") = "P06", "P06\P06.vcxproj", "{8376152D-0460-41E8-9AFF-C882AF636526}"
EndProject
Project("{8BC9CEB8-8B4A-11D0-8D11-00A0C91BC942}") = "P07", "P07\P07.vcxproj", "{F9D90980-70E6-4F1F-81B2-7B50D2001103}"
EndProject
Project("{8BC9CEB8-8B4A-11D0-8D11-00A0C91BC942}") = "P08", "P08\P08.vcxproj", "{AB215D63-3054-445E-94FC-5D1742B22AEC}"
EndProject
Global
	GlobalSection(SolutionConfigurationPlatforms) = preSolution
		Debug|x64 = Debug|x64
		Debug|x86 = Debug|x86
		Release|x64 = Release|x64
		Release|x86 = Release|x86
	EndGlobalSection
	GlobalSection(ProjectConfigurationPlatforms) = postSolution
		{46DC95EB-7685-489A-ABE0-4A7155DE7C9A}.Debug|x64.ActiveCfg = Debug|x64
		{46DC95EB-7685-489A-ABE0-4A7155DE7C9A}.Debug|x64.Build.0 = Debug|x64
		{46DC95EB-7685-489A-ABE0-4A7155DE7C9A}.Debug|x86.ActiveCfg = Debug|Win32
		{46DC95EB-7685-489A-ABE0-4A7155DE7C9A}.Debug|x86.Build.0 = Debug|Win32
		{46DC95EB-7685-489A-ABE0-4A7155DE7C9A}.Release|x64.ActiveCfg = Release|x64
		{46DC95EB-7685-489A-ABE0-4A7155DE7C9A}.Release|x64.Build.0 = Release|x64
		{46DC95EB-7685-489A-ABE0-4A7155DE7C9A}.Release|x86.ActiveCfg = Release|Win32
		{46DC95EB-7685-489A-ABE0-4A7155DE7C9A}.Release|x86.Build.0 = Release|Win32
		{73E685A8-C1B0-4144-A5D3-894A3EF8D88C}.Debug|x64.ActiveCfg = Debug|x64
		{73E685A8-C1B0-4144-A5D3-894A3EF8D88C}.Debug|x64.Build.0 = Debug|x64
		{73E685A8-C1B0-4144-A5D3-894A3EF8D88C}.Debug|x86.ActiveCfg = Debug|Win32
		{73E685A8-C1B0-4144-A5D3-894A3EF8D88C}.Debug|x86.Build.0 = Debug|Win32
		{73E685A8-C1B0-4144-A5D3-894A3EF8D88C}.Release|x64.ActiveCfg = Release|x64
		{73E685A8-C1B0-4144-A5D3-894A3EF8D88C}.Release|x64.Build.0 = Release|x64
		{73E685A8-C1B0-4144-A5D3-894A3EF8D88C}.Release|x86.ActiveCfg = Release|Win32
		{73E685A8-C1B0-4144-A5D3-894A3EF8D88C}.Release|x86.Build.0 = Release|Win32
		{A330CCDF-B53B-4D55-A556-4174703DE38D}.Debug|x64.ActiveCfg = Debug|x64
		{A330CCDF-B53B-4D55-A556-4174703DE38D}.Debug|x64.Build.0 = Debug|x64
		{A330CCDF-B53B-4D55-A556-4174703DE38D}.Debug|x86.ActiveCfg = Debug|Win32
		{A330CCDF-B53B-4D55-A556-4174703DE38D}.Debug|x86.Build.0 = Debug|Win32
		{A330CCDF-B53B-4D55-A556-4174703DE38D}.Release|x64.ActiveCfg = Release|x64
		{A330CCDF-B53B-4D55-A556-4174703DE38D}.Release|x64.Build.0 = Release|x64
		{A330CCDF-B53B-4D55-A556-4174703DE38D}.Release|x86.ActiveCfg = Release|Win32
		{A330CCDF-B53B-4D55-A556-4174703DE38D}.Release|x86.Build.0 = Release|Win32
		{E743C3C7-D98A-477F-8F2C-5A91AF083B56}.Debug|x64.ActiveCfg = Debug|x64
		{E743C3C7-D98A-477F-8F2C-5A91AF083B56}.Debug|x64.Build.0 = Debug|x64
		{E743C3C7-D98A-477F-8F2C-5A91AF083B56}.Debug|x86.ActiveCfg = Debug|Win32
		{E743C3C7-D98A-477F-8F2C-5A91AF083B56}.Debug|x86.Build.0 = Debug|Win32
		{E743C3C7-D98A-477F-8F2C-5A91AF083B56}.Release|x64.ActiveCfg = Release|x64
		{E743C3C7-D98A-477F-8F2C-5A91AF083B56}.Release|x64.Build.0 = Release|x64
		{E743C3C7-D98A-477F-8F2C-5A91AF083B56}.Release|x86.ActiveCfg = Release|Win32
		{E743C3C7-D98A-477F-8F2C-5A91AF083B56}.Release|x86.Build.0 = Release|Win32
		{189D9A31-D796-476F-8A33-CE505A96D90A}.Debug|x64.ActiveCfg = Debug|x64
		{189D9A31-D796-476F-8A33-CE505A96D90A}.Debug|x64.Build.0 = Debug|x64
		{189D9A31-D796-476F-8A33-CE505A96D90A}.Debug|x86.ActiveCfg = Debug|Win32
		{189D9A31-D796-476F-8A33-CE505A96D90A}.Debug|x86.Build.0 = Debug|Win32
		{189D9A31-D796-476F-8A33-CE505A96D90A}.Release|x64.ActiveCfg = Release|x64
		{189D9A31-D796-476F-8A33-CE505A96D90A}.Release|x64.Build.0 = Release|x64
		{189D9A31-D796-476F-8A33-CE505A96D90A}.Release|x86.ActiveCfg = Release|Win32
		{189D9A31-D796-476F-8A33-CE505A96D90A}.Release|x86.Build.0 = Release|Win32
		{8376152D-0460-41E8-9AFF-C882AF636526}.Debug|x64.ActiveCfg = Debug|x64
		{8376152D-0460-41E8-9AFF-C882AF636526}.Debug|x64.Build.0 = Debug|x64
		{8376152D-0460-41E8-9AFF-C882AF636526}.Debug|x86.ActiveCfg = Debug|Win32
		{8376152D-0460-41E8-9AFF-C882AF636526}.Debug|x86.Build.0 = Debug|Win32
		{8376152D-0460-41E8-9AFF-C882AF636526}.Release|x64.ActiveCfg = Release|x64
		{8376152D-0460-41E8-9AFF-C882AF636526}.Release|x64.Build.0 = Release|x64
		{8376152D-0460-41E8-9AFF-C882AF636526}.Release|x86.ActiveCfg = Release|Win32
		{8376152D-0460-41E8-9AFF-C882AF636526}.Release|x86.Build.0 = Release|Win32
		{F9D90980-70E6-4F1F-81B2-7B50D2001103}.Debug|x64.ActiveCfg = Debug|x64
		{F9D90980-70E6-4F1F-81B2-7B50D2001103}.Debug|x64.Build.0 = Debug|x64
		{F9D90980-70E6-4F1F-81B2-7B50D2001103}.Debug|x86.ActiveCfg = Debug|Win32
		{F9D90980-70E6-4F1F-81B2-7B50D2001103}.Debug|x86.Build.0 = Debug|Win32
		{F9D90980-70E6-4F1F-81B2-7B50D2001103}.Release|x64.ActiveCfg = Release|x64
		{F9D90980-70E6-4F1F-81B2-7B50D2001103}.Release|x64.Build.0 = Release|x64
		{F9D90980-70E6-4F1F-81B2-7B50D2001103}.Release|x86.ActiveCfg = Release|Win32
		{F9D90980-70E6-4F1F-81B2-7B50D2001103}.Release|x86.Build.0 = Release|Win32
		{AB215D63-3054-445E-94FC-5D1742B22AEC}.Debug|x64.ActiveCfg = Debug|x64
		{AB215D63-3054-445E-94FC-5D1742B22AEC}.Debug|x64.Build.0 = Debug|x64
		{AB215D63-3054-445E-94FC-5D1742B22AEC}.Debug|x86.ActiveCfg = Debug|Win32
		{AB215D63-3054-445E-94FC-5D1742B22AEC}.Debug|x86.Build.0 = Debug|Win32
		{AB215D63-3054-445E-94FC-5D1742B22AEC}.Release|x64.ActiveCfg = Release|x64
		{AB215D63-3054-445E-94FC-5D1742B22AEC}.Release|x64.Build.0 = Release|x64
		{AB215D63-3054-445E-94FC-5D1742B22AEC}.Release|x86.ActiveCfg = Release|Win32
		{AB215D63-3054-445E-94FC-5D1742B22AEC}.Release|x86.Build.0 = Release|Win32
	EndGlobalSection
	GlobalSection(SolutionProperties) = preSolution
		HideSolutionNode = FALSE
	EndGlobalSection
	GlobalSection(ExtensibilityGlobals) = postSolution
		SolutionGuid = {A6E0D103-3DD0-4015-A158-1B97AB0C5018}
	EndGlobalSection
EndGlobal
