
Microsoft Visual Studio Solution File, Format Version 12.00
# Visual Studio Version 17
VisualStudioVersion = 17.11.35208.52
MinimumVisualStudioVersion = 10.0.40219.1
Project("{8BC9CEB8-8B4A-11D0-8D11-00A0C91BC942}") = "P01_Mang", "P01_Mang\P01_Mang.vcxproj", "{F6056875-D7AE-465E-9EE3-ABE360A1E9A4}"
EndProject
Project("{8BC9CEB8-8B4A-11D0-8D11-00A0C91BC942}") = "P02_Mang", "P02_Mang\P02_Mang.vcxproj", "{50964702-72CB-4955-A813-232FFDFEE191}"
EndProject
Project("{8BC9CEB8-8B4A-11D0-8D11-00A0C91BC942}") = "P03_Mang", "P03_Mang\P03_Mang.vcxproj", "{9F06845F-24BA-42C5-A554-0F4845F1F5A1}"
EndProject
Project("{8BC9CEB8-8B4A-11D0-8D11-00A0C91BC942}") = "P04_Mang", "P04_Mang\P04_Mang.vcxproj", "{63992905-D720-4CF5-B3CA-DA8416AA8AE8}"
EndProject
Project("{8BC9CEB8-8B4A-11D0-8D11-00A0C91BC942}") = "P05_Mang", "P05_Mang\P05_Mang.vcxproj", "{8F56DB6A-F2CD-43FA-8989-253C926832CE}"
EndProject
Project("{8BC9CEB8-8B4A-11D0-8D11-00A0C91BC942}") = "P01_Ham", "P01_Ham\P01_Ham.vcxproj", "{0F20434E-1673-48DB-9939-415B80CD3DF1}"
EndProject
Project("{8BC9CEB8-8B4A-11D0-8D11-00A0C91BC942}") = "P02_Ham", "P02_Ham\P02_Ham.vcxproj", "{0BFC5F70-66DD-4DF5-A714-EFD6490188AE}"
EndProject
Project("{8BC9CEB8-8B4A-11D0-8D11-00A0C91BC942}") = "P03_Ham", "P03_Ham\P03_Ham.vcxproj", "{7F24C933-3D9A-45B0-8DEC-61CC0E7681FE}"
EndProject
Project("{8BC9CEB8-8B4A-11D0-8D11-00A0C91BC942}") = "P04_Ham", "P04_Ham\P04_Ham.vcxproj", "{A71D5880-1D48-4963-8353-37661DABAA4C}"
EndProject
Project("{8BC9CEB8-8B4A-11D0-8D11-00A0C91BC942}") = "P05_Ham", "P05_Ham\P05_Ham.vcxproj", "{71EAE67D-B5FC-4A20-85F0-C592FF3D41AE}"
EndProject
Project("{8BC9CEB8-8B4A-11D0-8D11-00A0C91BC942}") = "P06_Ham", "P06_Ham\P06_Ham.vcxproj", "{4C8E398F-C688-44CD-86AB-43BFBC68A0FE}"
EndProject
Project("{8BC9CEB8-8B4A-11D0-8D11-00A0C91BC942}") = "P07_Ham", "P07_Ham\P07_Ham.vcxproj", "{A370790F-F996-4AD6-BFC2-77FE64171E4A}"
EndProject
Project("{8BC9CEB8-8B4A-11D0-8D11-00A0C91BC942}") = "P08_Ham", "P08_Ham\P08_Ham.vcxproj", "{1345874F-68B1-4A9E-BC80-4D985BC51359}"
EndProject
Project("{8BC9CEB8-8B4A-11D0-8D11-00A0C91BC942}") = "P09_Ham", "P09_Ham\P09_Ham.vcxproj", "{E57437D7-E08E-458F-A407-12DAC34F3096}"
EndProject
Project("{8BC9CEB8-8B4A-11D0-8D11-00A0C91BC942}") = "P10_Ham", "P10_Ham\P10_Ham.vcxproj", "{D2F556E3-DBC9-47A4-BB69-D3CADCEC1D30}"
EndProject
Project("{8BC9CEB8-8B4A-11D0-8D11-00A0C91BC942}") = "P06_Mang", "P06_Mang\P06_Mang.vcxproj", "{8446891F-4F67-4B45-8FA8-F9A9F37C7A2E}"
EndProject
Project("{8BC9CEB8-8B4A-11D0-8D11-00A0C91BC942}") = "P07_Mang", "P07_Mang\P07_Mang.vcxproj", "{C4D725B3-69B1-4AEE-9C6A-AD6A750F76C0}"
EndProject
Project("{8BC9CEB8-8B4A-11D0-8D11-00A0C91BC942}") = "P08_Mang", "P08_Mang\P08_Mang.vcxproj", "{81816C55-3462-4252-989B-95D0B4F34C48}"
EndProject
Project("{8BC9CEB8-8B4A-11D0-8D11-00A0C91BC942}") = "P09_Mang", "P09_Mang\P09_Mang.vcxproj", "{61762147-3C96-4D48-A3B4-735D80AFF1E5}"
EndProject
Project("{8BC9CEB8-8B4A-11D0-8D11-00A0C91BC942}") = "P10_Mang", "P10_Mang\P10_Mang.vcxproj", "{139D0999-088F-48E5-B18A-547B8C97A90A}"
EndProject
Global
	GlobalSection(SolutionConfigurationPlatforms) = preSolution
		Debug|x64 = Debug|x64
		Debug|x86 = Debug|x86
		Release|x64 = Release|x64
		Release|x86 = Release|x86
	EndGlobalSection
	GlobalSection(ProjectConfigurationPlatforms) = postSolution
		{F6056875-D7AE-465E-9EE3-ABE360A1E9A4}.Debug|x64.ActiveCfg = Debug|x64
		{F6056875-D7AE-465E-9EE3-ABE360A1E9A4}.Debug|x64.Build.0 = Debug|x64
		{F6056875-D7AE-465E-9EE3-ABE360A1E9A4}.Debug|x86.ActiveCfg = Debug|Win32
		{F6056875-D7AE-465E-9EE3-ABE360A1E9A4}.Debug|x86.Build.0 = Debug|Win32
		{F6056875-D7AE-465E-9EE3-ABE360A1E9A4}.Release|x64.ActiveCfg = Release|x64
		{F6056875-D7AE-465E-9EE3-ABE360A1E9A4}.Release|x64.Build.0 = Release|x64
		{F6056875-D7AE-465E-9EE3-ABE360A1E9A4}.Release|x86.ActiveCfg = Release|Win32
		{F6056875-D7AE-465E-9EE3-ABE360A1E9A4}.Release|x86.Build.0 = Release|Win32
		{50964702-72CB-4955-A813-232FFDFEE191}.Debug|x64.ActiveCfg = Debug|x64
		{50964702-72CB-4955-A813-232FFDFEE191}.Debug|x64.Build.0 = Debug|x64
		{50964702-72CB-4955-A813-232FFDFEE191}.Debug|x86.ActiveCfg = Debug|Win32
		{50964702-72CB-4955-A813-232FFDFEE191}.Debug|x86.Build.0 = Debug|Win32
		{50964702-72CB-4955-A813-232FFDFEE191}.Release|x64.ActiveCfg = Release|x64
		{50964702-72CB-4955-A813-232FFDFEE191}.Release|x64.Build.0 = Release|x64
		{50964702-72CB-4955-A813-232FFDFEE191}.Release|x86.ActiveCfg = Release|Win32
		{50964702-72CB-4955-A813-232FFDFEE191}.Release|x86.Build.0 = Release|Win32
		{9F06845F-24BA-42C5-A554-0F4845F1F5A1}.Debug|x64.ActiveCfg = Debug|x64
		{9F06845F-24BA-42C5-A554-0F4845F1F5A1}.Debug|x64.Build.0 = Debug|x64
		{9F06845F-24BA-42C5-A554-0F4845F1F5A1}.Debug|x86.ActiveCfg = Debug|Win32
		{9F06845F-24BA-42C5-A554-0F4845F1F5A1}.Debug|x86.Build.0 = Debug|Win32
		{9F06845F-24BA-42C5-A554-0F4845F1F5A1}.Release|x64.ActiveCfg = Release|x64
		{9F06845F-24BA-42C5-A554-0F4845F1F5A1}.Release|x64.Build.0 = Release|x64
		{9F06845F-24BA-42C5-A554-0F4845F1F5A1}.Release|x86.ActiveCfg = Release|Win32
		{9F06845F-24BA-42C5-A554-0F4845F1F5A1}.Release|x86.Build.0 = Release|Win32
		{63992905-D720-4CF5-B3CA-DA8416AA8AE8}.Debug|x64.ActiveCfg = Debug|x64
		{63992905-D720-4CF5-B3CA-DA8416AA8AE8}.Debug|x64.Build.0 = Debug|x64
		{63992905-D720-4CF5-B3CA-DA8416AA8AE8}.Debug|x86.ActiveCfg = Debug|Win32
		{63992905-D720-4CF5-B3CA-DA8416AA8AE8}.Debug|x86.Build.0 = Debug|Win32
		{63992905-D720-4CF5-B3CA-DA8416AA8AE8}.Release|x64.ActiveCfg = Release|x64
		{63992905-D720-4CF5-B3CA-DA8416AA8AE8}.Release|x64.Build.0 = Release|x64
		{63992905-D720-4CF5-B3CA-DA8416AA8AE8}.Release|x86.ActiveCfg = Release|Win32
		{63992905-D720-4CF5-B3CA-DA8416AA8AE8}.Release|x86.Build.0 = Release|Win32
		{8F56DB6A-F2CD-43FA-8989-253C926832CE}.Debug|x64.ActiveCfg = Debug|x64
		{8F56DB6A-F2CD-43FA-8989-253C926832CE}.Debug|x64.Build.0 = Debug|x64
		{8F56DB6A-F2CD-43FA-8989-253C926832CE}.Debug|x86.ActiveCfg = Debug|Win32
		{8F56DB6A-F2CD-43FA-8989-253C926832CE}.Debug|x86.Build.0 = Debug|Win32
		{8F56DB6A-F2CD-43FA-8989-253C926832CE}.Release|x64.ActiveCfg = Release|x64
		{8F56DB6A-F2CD-43FA-8989-253C926832CE}.Release|x64.Build.0 = Release|x64
		{8F56DB6A-F2CD-43FA-8989-253C926832CE}.Release|x86.ActiveCfg = Release|Win32
		{8F56DB6A-F2CD-43FA-8989-253C926832CE}.Release|x86.Build.0 = Release|Win32
		{0F20434E-1673-48DB-9939-415B80CD3DF1}.Debug|x64.ActiveCfg = Debug|x64
		{0F20434E-1673-48DB-9939-415B80CD3DF1}.Debug|x64.Build.0 = Debug|x64
		{0F20434E-1673-48DB-9939-415B80CD3DF1}.Debug|x86.ActiveCfg = Debug|Win32
		{0F20434E-1673-48DB-9939-415B80CD3DF1}.Debug|x86.Build.0 = Debug|Win32
		{0F20434E-1673-48DB-9939-415B80CD3DF1}.Release|x64.ActiveCfg = Release|x64
		{0F20434E-1673-48DB-9939-415B80CD3DF1}.Release|x64.Build.0 = Release|x64
		{0F20434E-1673-48DB-9939-415B80CD3DF1}.Release|x86.ActiveCfg = Release|Win32
		{0F20434E-1673-48DB-9939-415B80CD3DF1}.Release|x86.Build.0 = Release|Win32
		{0BFC5F70-66DD-4DF5-A714-EFD6490188AE}.Debug|x64.ActiveCfg = Debug|x64
		{0BFC5F70-66DD-4DF5-A714-EFD6490188AE}.Debug|x64.Build.0 = Debug|x64
		{0BFC5F70-66DD-4DF5-A714-EFD6490188AE}.Debug|x86.ActiveCfg = Debug|Win32
		{0BFC5F70-66DD-4DF5-A714-EFD6490188AE}.Debug|x86.Build.0 = Debug|Win32
		{0BFC5F70-66DD-4DF5-A714-EFD6490188AE}.Release|x64.ActiveCfg = Release|x64
		{0BFC5F70-66DD-4DF5-A714-EFD6490188AE}.Release|x64.Build.0 = Release|x64
		{0BFC5F70-66DD-4DF5-A714-EFD6490188AE}.Release|x86.ActiveCfg = Release|Win32
		{0BFC5F70-66DD-4DF5-A714-EFD6490188AE}.Release|x86.Build.0 = Release|Win32
		{7F24C933-3D9A-45B0-8DEC-61CC0E7681FE}.Debug|x64.ActiveCfg = Debug|x64
		{7F24C933-3D9A-45B0-8DEC-61CC0E7681FE}.Debug|x64.Build.0 = Debug|x64
		{7F24C933-3D9A-45B0-8DEC-61CC0E7681FE}.Debug|x86.ActiveCfg = Debug|Win32
		{7F24C933-3D9A-45B0-8DEC-61CC0E7681FE}.Debug|x86.Build.0 = Debug|Win32
		{7F24C933-3D9A-45B0-8DEC-61CC0E7681FE}.Release|x64.ActiveCfg = Release|x64
		{7F24C933-3D9A-45B0-8DEC-61CC0E7681FE}.Release|x64.Build.0 = Release|x64
		{7F24C933-3D9A-45B0-8DEC-61CC0E7681FE}.Release|x86.ActiveCfg = Release|Win32
		{7F24C933-3D9A-45B0-8DEC-61CC0E7681FE}.Release|x86.Build.0 = Release|Win32
		{A71D5880-1D48-4963-8353-37661DABAA4C}.Debug|x64.ActiveCfg = Debug|x64
		{A71D5880-1D48-4963-8353-37661DABAA4C}.Debug|x64.Build.0 = Debug|x64
		{A71D5880-1D48-4963-8353-37661DABAA4C}.Debug|x86.ActiveCfg = Debug|Win32
		{A71D5880-1D48-4963-8353-37661DABAA4C}.Debug|x86.Build.0 = Debug|Win32
		{A71D5880-1D48-4963-8353-37661DABAA4C}.Release|x64.ActiveCfg = Release|x64
		{A71D5880-1D48-4963-8353-37661DABAA4C}.Release|x64.Build.0 = Release|x64
		{A71D5880-1D48-4963-8353-37661DABAA4C}.Release|x86.ActiveCfg = Release|Win32
		{A71D5880-1D48-4963-8353-37661DABAA4C}.Release|x86.Build.0 = Release|Win32
		{71EAE67D-B5FC-4A20-85F0-C592FF3D41AE}.Debug|x64.ActiveCfg = Debug|x64
		{71EAE67D-B5FC-4A20-85F0-C592FF3D41AE}.Debug|x64.Build.0 = Debug|x64
		{71EAE67D-B5FC-4A20-85F0-C592FF3D41AE}.Debug|x86.ActiveCfg = Debug|Win32
		{71EAE67D-B5FC-4A20-85F0-C592FF3D41AE}.Debug|x86.Build.0 = Debug|Win32
		{71EAE67D-B5FC-4A20-85F0-C592FF3D41AE}.Release|x64.ActiveCfg = Release|x64
		{71EAE67D-B5FC-4A20-85F0-C592FF3D41AE}.Release|x64.Build.0 = Release|x64
		{71EAE67D-B5FC-4A20-85F0-C592FF3D41AE}.Release|x86.ActiveCfg = Release|Win32
		{71EAE67D-B5FC-4A20-85F0-C592FF3D41AE}.Release|x86.Build.0 = Release|Win32
		{4C8E398F-C688-44CD-86AB-43BFBC68A0FE}.Debug|x64.ActiveCfg = Debug|x64
		{4C8E398F-C688-44CD-86AB-43BFBC68A0FE}.Debug|x64.Build.0 = Debug|x64
		{4C8E398F-C688-44CD-86AB-43BFBC68A0FE}.Debug|x86.ActiveCfg = Debug|Win32
		{4C8E398F-C688-44CD-86AB-43BFBC68A0FE}.Debug|x86.Build.0 = Debug|Win32
		{4C8E398F-C688-44CD-86AB-43BFBC68A0FE}.Release|x64.ActiveCfg = Release|x64
		{4C8E398F-C688-44CD-86AB-43BFBC68A0FE}.Release|x64.Build.0 = Release|x64
		{4C8E398F-C688-44CD-86AB-43BFBC68A0FE}.Release|x86.ActiveCfg = Release|Win32
		{4C8E398F-C688-44CD-86AB-43BFBC68A0FE}.Release|x86.Build.0 = Release|Win32
		{A370790F-F996-4AD6-BFC2-77FE64171E4A}.Debug|x64.ActiveCfg = Debug|x64
		{A370790F-F996-4AD6-BFC2-77FE64171E4A}.Debug|x64.Build.0 = Debug|x64
		{A370790F-F996-4AD6-BFC2-77FE64171E4A}.Debug|x86.ActiveCfg = Debug|Win32
		{A370790F-F996-4AD6-BFC2-77FE64171E4A}.Debug|x86.Build.0 = Debug|Win32
		{A370790F-F996-4AD6-BFC2-77FE64171E4A}.Release|x64.ActiveCfg = Release|x64
		{A370790F-F996-4AD6-BFC2-77FE64171E4A}.Release|x64.Build.0 = Release|x64
		{A370790F-F996-4AD6-BFC2-77FE64171E4A}.Release|x86.ActiveCfg = Release|Win32
		{A370790F-F996-4AD6-BFC2-77FE64171E4A}.Release|x86.Build.0 = Release|Win32
		{1345874F-68B1-4A9E-BC80-4D985BC51359}.Debug|x64.ActiveCfg = Debug|x64
		{1345874F-68B1-4A9E-BC80-4D985BC51359}.Debug|x64.Build.0 = Debug|x64
		{1345874F-68B1-4A9E-BC80-4D985BC51359}.Debug|x86.ActiveCfg = Debug|Win32
		{1345874F-68B1-4A9E-BC80-4D985BC51359}.Debug|x86.Build.0 = Debug|Win32
		{1345874F-68B1-4A9E-BC80-4D985BC51359}.Release|x64.ActiveCfg = Release|x64
		{1345874F-68B1-4A9E-BC80-4D985BC51359}.Release|x64.Build.0 = Release|x64
		{1345874F-68B1-4A9E-BC80-4D985BC51359}.Release|x86.ActiveCfg = Release|Win32
		{1345874F-68B1-4A9E-BC80-4D985BC51359}.Release|x86.Build.0 = Release|Win32
		{E57437D7-E08E-458F-A407-12DAC34F3096}.Debug|x64.ActiveCfg = Debug|x64
		{E57437D7-E08E-458F-A407-12DAC34F3096}.Debug|x64.Build.0 = Debug|x64
		{E57437D7-E08E-458F-A407-12DAC34F3096}.Debug|x86.ActiveCfg = Debug|Win32
		{E57437D7-E08E-458F-A407-12DAC34F3096}.Debug|x86.Build.0 = Debug|Win32
		{E57437D7-E08E-458F-A407-12DAC34F3096}.Release|x64.ActiveCfg = Release|x64
		{E57437D7-E08E-458F-A407-12DAC34F3096}.Release|x64.Build.0 = Release|x64
		{E57437D7-E08E-458F-A407-12DAC34F3096}.Release|x86.ActiveCfg = Release|Win32
		{E57437D7-E08E-458F-A407-12DAC34F3096}.Release|x86.Build.0 = Release|Win32
		{D2F556E3-DBC9-47A4-BB69-D3CADCEC1D30}.Debug|x64.ActiveCfg = Debug|x64
		{D2F556E3-DBC9-47A4-BB69-D3CADCEC1D30}.Debug|x64.Build.0 = Debug|x64
		{D2F556E3-DBC9-47A4-BB69-D3CADCEC1D30}.Debug|x86.ActiveCfg = Debug|Win32
		{D2F556E3-DBC9-47A4-BB69-D3CADCEC1D30}.Debug|x86.Build.0 = Debug|Win32
		{D2F556E3-DBC9-47A4-BB69-D3CADCEC1D30}.Release|x64.ActiveCfg = Release|x64
		{D2F556E3-DBC9-47A4-BB69-D3CADCEC1D30}.Release|x64.Build.0 = Release|x64
		{D2F556E3-DBC9-47A4-BB69-D3CADCEC1D30}.Release|x86.ActiveCfg = Release|Win32
		{D2F556E3-DBC9-47A4-BB69-D3CADCEC1D30}.Release|x86.Build.0 = Release|Win32
		{8446891F-4F67-4B45-8FA8-F9A9F37C7A2E}.Debug|x64.ActiveCfg = Debug|x64
		{8446891F-4F67-4B45-8FA8-F9A9F37C7A2E}.Debug|x64.Build.0 = Debug|x64
		{8446891F-4F67-4B45-8FA8-F9A9F37C7A2E}.Debug|x86.ActiveCfg = Debug|Win32
		{8446891F-4F67-4B45-8FA8-F9A9F37C7A2E}.Debug|x86.Build.0 = Debug|Win32
		{8446891F-4F67-4B45-8FA8-F9A9F37C7A2E}.Release|x64.ActiveCfg = Release|x64
		{8446891F-4F67-4B45-8FA8-F9A9F37C7A2E}.Release|x64.Build.0 = Release|x64
		{8446891F-4F67-4B45-8FA8-F9A9F37C7A2E}.Release|x86.ActiveCfg = Release|Win32
		{8446891F-4F67-4B45-8FA8-F9A9F37C7A2E}.Release|x86.Build.0 = Release|Win32
		{C4D725B3-69B1-4AEE-9C6A-AD6A750F76C0}.Debug|x64.ActiveCfg = Debug|x64
		{C4D725B3-69B1-4AEE-9C6A-AD6A750F76C0}.Debug|x64.Build.0 = Debug|x64
		{C4D725B3-69B1-4AEE-9C6A-AD6A750F76C0}.Debug|x86.ActiveCfg = Debug|Win32
		{C4D725B3-69B1-4AEE-9C6A-AD6A750F76C0}.Debug|x86.Build.0 = Debug|Win32
		{C4D725B3-69B1-4AEE-9C6A-AD6A750F76C0}.Release|x64.ActiveCfg = Release|x64
		{C4D725B3-69B1-4AEE-9C6A-AD6A750F76C0}.Release|x64.Build.0 = Release|x64
		{C4D725B3-69B1-4AEE-9C6A-AD6A750F76C0}.Release|x86.ActiveCfg = Release|Win32
		{C4D725B3-69B1-4AEE-9C6A-AD6A750F76C0}.Release|x86.Build.0 = Release|Win32
		{81816C55-3462-4252-989B-95D0B4F34C48}.Debug|x64.ActiveCfg = Debug|x64
		{81816C55-3462-4252-989B-95D0B4F34C48}.Debug|x64.Build.0 = Debug|x64
		{81816C55-3462-4252-989B-95D0B4F34C48}.Debug|x86.ActiveCfg = Debug|Win32
		{81816C55-3462-4252-989B-95D0B4F34C48}.Debug|x86.Build.0 = Debug|Win32
		{81816C55-3462-4252-989B-95D0B4F34C48}.Release|x64.ActiveCfg = Release|x64
		{81816C55-3462-4252-989B-95D0B4F34C48}.Release|x64.Build.0 = Release|x64
		{81816C55-3462-4252-989B-95D0B4F34C48}.Release|x86.ActiveCfg = Release|Win32
		{81816C55-3462-4252-989B-95D0B4F34C48}.Release|x86.Build.0 = Release|Win32
		{61762147-3C96-4D48-A3B4-735D80AFF1E5}.Debug|x64.ActiveCfg = Debug|x64
		{61762147-3C96-4D48-A3B4-735D80AFF1E5}.Debug|x64.Build.0 = Debug|x64
		{61762147-3C96-4D48-A3B4-735D80AFF1E5}.Debug|x86.ActiveCfg = Debug|Win32
		{61762147-3C96-4D48-A3B4-735D80AFF1E5}.Debug|x86.Build.0 = Debug|Win32
		{61762147-3C96-4D48-A3B4-735D80AFF1E5}.Release|x64.ActiveCfg = Release|x64
		{61762147-3C96-4D48-A3B4-735D80AFF1E5}.Release|x64.Build.0 = Release|x64
		{61762147-3C96-4D48-A3B4-735D80AFF1E5}.Release|x86.ActiveCfg = Release|Win32
		{61762147-3C96-4D48-A3B4-735D80AFF1E5}.Release|x86.Build.0 = Release|Win32
		{139D0999-088F-48E5-B18A-547B8C97A90A}.Debug|x64.ActiveCfg = Debug|x64
		{139D0999-088F-48E5-B18A-547B8C97A90A}.Debug|x64.Build.0 = Debug|x64
		{139D0999-088F-48E5-B18A-547B8C97A90A}.Debug|x86.ActiveCfg = Debug|Win32
		{139D0999-088F-48E5-B18A-547B8C97A90A}.Debug|x86.Build.0 = Debug|Win32
		{139D0999-088F-48E5-B18A-547B8C97A90A}.Release|x64.ActiveCfg = Release|x64
		{139D0999-088F-48E5-B18A-547B8C97A90A}.Release|x64.Build.0 = Release|x64
		{139D0999-088F-48E5-B18A-547B8C97A90A}.Release|x86.ActiveCfg = Release|Win32
		{139D0999-088F-48E5-B18A-547B8C97A90A}.Release|x86.Build.0 = Release|Win32
	EndGlobalSection
	GlobalSection(SolutionProperties) = preSolution
		HideSolutionNode = FALSE
	EndGlobalSection
	GlobalSection(ExtensibilityGlobals) = postSolution
		SolutionGuid = {24F526DB-3212-4BEA-92DD-DA0534D27733}
	EndGlobalSection
EndGlobal
