
Microsoft Visual Studio Solution File, Format Version 12.00
# Visual Studio Version 17
VisualStudioVersion = 17.11.35208.52
MinimumVisualStudioVersion = 10.0.40219.1
Project("{8BC9CEB8-8B4A-11D0-8D11-00A0C91BC942}") = "P01", "P01\P01.vcxproj", "{556789B4-2A3C-45EF-B146-664685B31A25}"
EndProject
Project("{8BC9CEB8-8B4A-11D0-8D11-00A0C91BC942}") = "P02", "P02\P02.vcxproj", "{0BA28242-AEA9-41D0-9DAB-23EEFF51F303}"
EndProject
Project("{8BC9CEB8-8B4A-11D0-8D11-00A0C91BC942}") = "P03", "P03\P03.vcxproj", "{A91C2816-342D-4355-A24C-A115F4391E46}"
EndProject
Project("{8BC9CEB8-8B4A-11D0-8D11-00A0C91BC942}") = "P04", "P04\P04.vcxproj", "{3D654379-555C-4EBC-BF38-7004D3C53BBB}"
EndProject
Project("{8BC9CEB8-8B4A-11D0-8D11-00A0C91BC942}") = "P05", "P05\P05.vcxproj", "{1F923B30-5F24-4158-980E-489FFA170157}"
EndProject
Project("{8BC9CEB8-8B4A-11D0-8D11-00A0C91BC942}") = "P06", "P06\P06.vcxproj", "{5B385382-D8D4-465C-9698-CA1B8EE88132}"
EndProject
Project("{8BC9CEB8-8B4A-11D0-8D11-00A0C91BC942}") = "P07", "P07\P07.vcxproj", "{35EA8457-B5EF-437E-BAF1-672EA31FB564}"
EndProject
Project("{8BC9CEB8-8B4A-11D0-8D11-00A0C91BC942}") = "P08", "P08\P08.vcxproj", "{8FB9A584-8B25-4699-9465-B4A21D11D938}"
EndProject
Project("{8BC9CEB8-8B4A-11D0-8D11-00A0C91BC942}") = "P09", "P09\P09.vcxproj", "{FBAF35F8-4D1D-49DA-8F61-F381417B861F}"
EndProject
Project("{8BC9CEB8-8B4A-11D0-8D11-00A0C91BC942}") = "P10", "P10\P10.vcxproj", "{71C0F0DE-3A9B-401D-A2FA-0A620422480E}"
EndProject
Project("{8BC9CEB8-8B4A-11D0-8D11-00A0C91BC942}") = "P11", "P11\P11.vcxproj", "{DDAD8460-5FFA-405B-888D-1FA28A73B3A7}"
EndProject
Global
	GlobalSection(SolutionConfigurationPlatforms) = preSolution
		Debug|x64 = Debug|x64
		Debug|x86 = Debug|x86
		Release|x64 = Release|x64
		Release|x86 = Release|x86
	EndGlobalSection
	GlobalSection(ProjectConfigurationPlatforms) = postSolution
		{556789B4-2A3C-45EF-B146-664685B31A25}.Debug|x64.ActiveCfg = Debug|x64
		{556789B4-2A3C-45EF-B146-664685B31A25}.Debug|x64.Build.0 = Debug|x64
		{556789B4-2A3C-45EF-B146-664685B31A25}.Debug|x86.ActiveCfg = Debug|Win32
		{556789B4-2A3C-45EF-B146-664685B31A25}.Debug|x86.Build.0 = Debug|Win32
		{556789B4-2A3C-45EF-B146-664685B31A25}.Release|x64.ActiveCfg = Release|x64
		{556789B4-2A3C-45EF-B146-664685B31A25}.Release|x64.Build.0 = Release|x64
		{556789B4-2A3C-45EF-B146-664685B31A25}.Release|x86.ActiveCfg = Release|Win32
		{556789B4-2A3C-45EF-B146-664685B31A25}.Release|x86.Build.0 = Release|Win32
		{0BA28242-AEA9-41D0-9DAB-23EEFF51F303}.Debug|x64.ActiveCfg = Debug|x64
		{0BA28242-AEA9-41D0-9DAB-23EEFF51F303}.Debug|x64.Build.0 = Debug|x64
		{0BA28242-AEA9-41D0-9DAB-23EEFF51F303}.Debug|x86.ActiveCfg = Debug|Win32
		{0BA28242-AEA9-41D0-9DAB-23EEFF51F303}.Debug|x86.Build.0 = Debug|Win32
		{0BA28242-AEA9-41D0-9DAB-23EEFF51F303}.Release|x64.ActiveCfg = Release|x64
		{0BA28242-AEA9-41D0-9DAB-23EEFF51F303}.Release|x64.Build.0 = Release|x64
		{0BA28242-AEA9-41D0-9DAB-23EEFF51F303}.Release|x86.ActiveCfg = Release|Win32
		{0BA28242-AEA9-41D0-9DAB-23EEFF51F303}.Release|x86.Build.0 = Release|Win32
		{A91C2816-342D-4355-A24C-A115F4391E46}.Debug|x64.ActiveCfg = Debug|x64
		{A91C2816-342D-4355-A24C-A115F4391E46}.Debug|x64.Build.0 = Debug|x64
		{A91C2816-342D-4355-A24C-A115F4391E46}.Debug|x86.ActiveCfg = Debug|Win32
		{A91C2816-342D-4355-A24C-A115F4391E46}.Debug|x86.Build.0 = Debug|Win32
		{A91C2816-342D-4355-A24C-A115F4391E46}.Release|x64.ActiveCfg = Release|x64
		{A91C2816-342D-4355-A24C-A115F4391E46}.Release|x64.Build.0 = Release|x64
		{A91C2816-342D-4355-A24C-A115F4391E46}.Release|x86.ActiveCfg = Release|Win32
		{A91C2816-342D-4355-A24C-A115F4391E46}.Release|x86.Build.0 = Release|Win32
		{3D654379-555C-4EBC-BF38-7004D3C53BBB}.Debug|x64.ActiveCfg = Debug|x64
		{3D654379-555C-4EBC-BF38-7004D3C53BBB}.Debug|x64.Build.0 = Debug|x64
		{3D654379-555C-4EBC-BF38-7004D3C53BBB}.Debug|x86.ActiveCfg = Debug|Win32
		{3D654379-555C-4EBC-BF38-7004D3C53BBB}.Debug|x86.Build.0 = Debug|Win32
		{3D654379-555C-4EBC-BF38-7004D3C53BBB}.Release|x64.ActiveCfg = Release|x64
		{3D654379-555C-4EBC-BF38-7004D3C53BBB}.Release|x64.Build.0 = Release|x64
		{3D654379-555C-4EBC-BF38-7004D3C53BBB}.Release|x86.ActiveCfg = Release|Win32
		{3D654379-555C-4EBC-BF38-7004D3C53BBB}.Release|x86.Build.0 = Release|Win32
		{1F923B30-5F24-4158-980E-489FFA170157}.Debug|x64.ActiveCfg = Debug|x64
		{1F923B30-5F24-4158-980E-489FFA170157}.Debug|x64.Build.0 = Debug|x64
		{1F923B30-5F24-4158-980E-489FFA170157}.Debug|x86.ActiveCfg = Debug|Win32
		{1F923B30-5F24-4158-980E-489FFA170157}.Debug|x86.Build.0 = Debug|Win32
		{1F923B30-5F24-4158-980E-489FFA170157}.Release|x64.ActiveCfg = Release|x64
		{1F923B30-5F24-4158-980E-489FFA170157}.Release|x64.Build.0 = Release|x64
		{1F923B30-5F24-4158-980E-489FFA170157}.Release|x86.ActiveCfg = Release|Win32
		{1F923B30-5F24-4158-980E-489FFA170157}.Release|x86.Build.0 = Release|Win32
		{5B385382-D8D4-465C-9698-CA1B8EE88132}.Debug|x64.ActiveCfg = Debug|x64
		{5B385382-D8D4-465C-9698-CA1B8EE88132}.Debug|x64.Build.0 = Debug|x64
		{5B385382-D8D4-465C-9698-CA1B8EE88132}.Debug|x86.ActiveCfg = Debug|Win32
		{5B385382-D8D4-465C-9698-CA1B8EE88132}.Debug|x86.Build.0 = Debug|Win32
		{5B385382-D8D4-465C-9698-CA1B8EE88132}.Release|x64.ActiveCfg = Release|x64
		{5B385382-D8D4-465C-9698-CA1B8EE88132}.Release|x64.Build.0 = Release|x64
		{5B385382-D8D4-465C-9698-CA1B8EE88132}.Release|x86.ActiveCfg = Release|Win32
		{5B385382-D8D4-465C-9698-CA1B8EE88132}.Release|x86.Build.0 = Release|Win32
		{35EA8457-B5EF-437E-BAF1-672EA31FB564}.Debug|x64.ActiveCfg = Debug|x64
		{35EA8457-B5EF-437E-BAF1-672EA31FB564}.Debug|x64.Build.0 = Debug|x64
		{35EA8457-B5EF-437E-BAF1-672EA31FB564}.Debug|x86.ActiveCfg = Debug|Win32
		{35EA8457-B5EF-437E-BAF1-672EA31FB564}.Debug|x86.Build.0 = Debug|Win32
		{35EA8457-B5EF-437E-BAF1-672EA31FB564}.Release|x64.ActiveCfg = Release|x64
		{35EA8457-B5EF-437E-BAF1-672EA31FB564}.Release|x64.Build.0 = Release|x64
		{35EA8457-B5EF-437E-BAF1-672EA31FB564}.Release|x86.ActiveCfg = Release|Win32
		{35EA8457-B5EF-437E-BAF1-672EA31FB564}.Release|x86.Build.0 = Release|Win32
		{8FB9A584-8B25-4699-9465-B4A21D11D938}.Debug|x64.ActiveCfg = Debug|x64
		{8FB9A584-8B25-4699-9465-B4A21D11D938}.Debug|x64.Build.0 = Debug|x64
		{8FB9A584-8B25-4699-9465-B4A21D11D938}.Debug|x86.ActiveCfg = Debug|Win32
		{8FB9A584-8B25-4699-9465-B4A21D11D938}.Debug|x86.Build.0 = Debug|Win32
		{8FB9A584-8B25-4699-9465-B4A21D11D938}.Release|x64.ActiveCfg = Release|x64
		{8FB9A584-8B25-4699-9465-B4A21D11D938}.Release|x64.Build.0 = Release|x64
		{8FB9A584-8B25-4699-9465-B4A21D11D938}.Release|x86.ActiveCfg = Release|Win32
		{8FB9A584-8B25-4699-9465-B4A21D11D938}.Release|x86.Build.0 = Release|Win32
		{FBAF35F8-4D1D-49DA-8F61-F381417B861F}.Debug|x64.ActiveCfg = Debug|x64
		{FBAF35F8-4D1D-49DA-8F61-F381417B861F}.Debug|x64.Build.0 = Debug|x64
		{FBAF35F8-4D1D-49DA-8F61-F381417B861F}.Debug|x86.ActiveCfg = Debug|Win32
		{FBAF35F8-4D1D-49DA-8F61-F381417B861F}.Debug|x86.Build.0 = Debug|Win32
		{FBAF35F8-4D1D-49DA-8F61-F381417B861F}.Release|x64.ActiveCfg = Release|x64
		{FBAF35F8-4D1D-49DA-8F61-F381417B861F}.Release|x64.Build.0 = Release|x64
		{FBAF35F8-4D1D-49DA-8F61-F381417B861F}.Release|x86.ActiveCfg = Release|Win32
		{FBAF35F8-4D1D-49DA-8F61-F381417B861F}.Release|x86.Build.0 = Release|Win32
		{71C0F0DE-3A9B-401D-A2FA-0A620422480E}.Debug|x64.ActiveCfg = Debug|x64
		{71C0F0DE-3A9B-401D-A2FA-0A620422480E}.Debug|x64.Build.0 = Debug|x64
		{71C0F0DE-3A9B-401D-A2FA-0A620422480E}.Debug|x86.ActiveCfg = Debug|Win32
		{71C0F0DE-3A9B-401D-A2FA-0A620422480E}.Debug|x86.Build.0 = Debug|Win32
		{71C0F0DE-3A9B-401D-A2FA-0A620422480E}.Release|x64.ActiveCfg = Release|x64
		{71C0F0DE-3A9B-401D-A2FA-0A620422480E}.Release|x64.Build.0 = Release|x64
		{71C0F0DE-3A9B-401D-A2FA-0A620422480E}.Release|x86.ActiveCfg = Release|Win32
		{71C0F0DE-3A9B-401D-A2FA-0A620422480E}.Release|x86.Build.0 = Release|Win32
		{DDAD8460-5FFA-405B-888D-1FA28A73B3A7}.Debug|x64.ActiveCfg = Debug|x64
		{DDAD8460-5FFA-405B-888D-1FA28A73B3A7}.Debug|x64.Build.0 = Debug|x64
		{DDAD8460-5FFA-405B-888D-1FA28A73B3A7}.Debug|x86.ActiveCfg = Debug|Win32
		{DDAD8460-5FFA-405B-888D-1FA28A73B3A7}.Debug|x86.Build.0 = Debug|Win32
		{DDAD8460-5FFA-405B-888D-1FA28A73B3A7}.Release|x64.ActiveCfg = Release|x64
		{DDAD8460-5FFA-405B-888D-1FA28A73B3A7}.Release|x64.Build.0 = Release|x64
		{DDAD8460-5FFA-405B-888D-1FA28A73B3A7}.Release|x86.ActiveCfg = Release|Win32
		{DDAD8460-5FFA-405B-888D-1FA28A73B3A7}.Release|x86.Build.0 = Release|Win32
	EndGlobalSection
	GlobalSection(SolutionProperties) = preSolution
		HideSolutionNode = FALSE
	EndGlobalSection
	GlobalSection(ExtensibilityGlobals) = postSolution
		SolutionGuid = {994BEDA0-6D60-4020-94B8-7FA70F30353A}
	EndGlobalSection
EndGlobal
