
Microsoft Visual Studio Solution File, Format Version 12.00
# Visual Studio Version 17
VisualStudioVersion = 17.11.35208.52
MinimumVisualStudioVersion = 10.0.40219.1
Project("{8BC9CEB8-8B4A-11D0-8D11-00A0C91BC942}") = "P01", "P01\P01.vcxproj", "{F395AA0D-9045-4E5B-A309-1EC5519B3529}"
EndProject
Project("{8BC9CEB8-8B4A-11D0-8D11-00A0C91BC942}") = "P02", "P02\P02.vcxproj", "{832B65F0-6798-4F0F-A69E-09AFBBA98E79}"
EndProject
Project("{8BC9CEB8-8B4A-11D0-8D11-00A0C91BC942}") = "P03", "P03\P03.vcxproj", "{8E9548CC-C16A-454B-9418-13F455D7CA8C}"
EndProject
Project("{8BC9CEB8-8B4A-11D0-8D11-00A0C91BC942}") = "P04", "P04\P04.vcxproj", "{B861C255-8A7E-46A1-9E70-EBB40B935623}"
EndProject
Project("{8BC9CEB8-8B4A-11D0-8D11-00A0C91BC942}") = "P05", "P05\P05.vcxproj", "{1A8D87A9-B6F1-465E-B45B-A4531BE2A54F}"
EndProject
Project("{8BC9CEB8-8B4A-11D0-8D11-00A0C91BC942}") = "P06", "P06\P06.vcxproj", "{DF649212-571B-49D9-817A-5A5A5BB0D416}"
EndProject
Project("{8BC9CEB8-8B4A-11D0-8D11-00A0C91BC942}") = "P07", "P07\P07.vcxproj", "{1B6AA74E-A6C2-4B61-B4CE-32F363A36D24}"
EndProject
Project("{8BC9CEB8-8B4A-11D0-8D11-00A0C91BC942}") = "P08", "P08\P08.vcxproj", "{FFD17D06-DA28-4CC2-AEC0-D3C890207670}"
EndProject
Project("{8BC9CEB8-8B4A-11D0-8D11-00A0C91BC942}") = "P09", "P09\P09.vcxproj", "{DEE0F087-9A7A-4633-835F-11F2D997C1ED}"
EndProject
Project("{8BC9CEB8-8B4A-11D0-8D11-00A0C91BC942}") = "P10", "P10\P10.vcxproj", "{62E6E905-0CF3-4E08-8A58-2A0956DCB0FE}"
EndProject
Project("{8BC9CEB8-8B4A-11D0-8D11-00A0C91BC942}") = "P11", "P11\P11.vcxproj", "{C759F92E-9595-4AEE-86DF-7706148C82E2}"
EndProject
Project("{8BC9CEB8-8B4A-11D0-8D11-00A0C91BC942}") = "P12", "P12\P12.vcxproj", "{C99DF1B6-95AB-4904-97B9-4D39BB2ACADE}"
EndProject
Project("{8BC9CEB8-8B4A-11D0-8D11-00A0C91BC942}") = "P13", "P13\P13.vcxproj", "{E0FF869A-17AB-4188-A009-B6F7119DA31E}"
EndProject
Project("{8BC9CEB8-8B4A-11D0-8D11-00A0C91BC942}") = "P14", "P14\P14.vcxproj", "{7C725FD5-860A-4201-B805-B240386417D2}"
EndProject
Project("{8BC9CEB8-8B4A-11D0-8D11-00A0C91BC942}") = "P15", "P15\P15.vcxproj", "{075CACFC-F096-4878-9D5E-A4FB9D1D42A5}"
EndProject
Project("{8BC9CEB8-8B4A-11D0-8D11-00A0C91BC942}") = "P16", "P16\P16.vcxproj", "{D80E0912-4B15-4BBF-8196-D21ED35E4C8F}"
EndProject
Project("{8BC9CEB8-8B4A-11D0-8D11-00A0C91BC942}") = "P17", "P17\P17.vcxproj", "{093F1533-5D34-47F2-AA13-C7FD0AF2BDCD}"
EndProject
Project("{8BC9CEB8-8B4A-11D0-8D11-00A0C91BC942}") = "P18", "P18\P18.vcxproj", "{AE6D6341-4A38-487A-BDD3-4B09E9E645A9}"
EndProject
Project("{8BC9CEB8-8B4A-11D0-8D11-00A0C91BC942}") = "P19", "P19\P19.vcxproj", "{E52E956C-7821-41B6-AB9C-3241CEA3548F}"
EndProject
Project("{8BC9CEB8-8B4A-11D0-8D11-00A0C91BC942}") = "P20", "P20\P20.vcxproj", "{A4663C27-AD2F-45A3-A6BD-B001BF5D2A13}"
EndProject
Project("{8BC9CEB8-8B4A-11D0-8D11-00A0C91BC942}") = "P21", "P21\P21.vcxproj", "{E4EC7D95-3B55-47D3-9543-4F4C266BA730}"
EndProject
Project("{8BC9CEB8-8B4A-11D0-8D11-00A0C91BC942}") = "P22", "P22\P22.vcxproj", "{270AF121-A5F8-4DFA-93CC-7B38CF73A7F8}"
EndProject
Project("{8BC9CEB8-8B4A-11D0-8D11-00A0C91BC942}") = "P23", "P23\P23.vcxproj", "{DCC49069-93C3-4902-9D0A-F29C04337642}"
EndProject
Project("{8BC9CEB8-8B4A-11D0-8D11-00A0C91BC942}") = "P24", "P24\P24.vcxproj", "{7AAA7269-7877-42B8-ABAA-78C44FEAE348}"
EndProject
Project("{8BC9CEB8-8B4A-11D0-8D11-00A0C91BC942}") = "P25", "P25\P25.vcxproj", "{50224BEA-DE02-442C-B873-39B8529BB629}"
EndProject
Global
	GlobalSection(SolutionConfigurationPlatforms) = preSolution
		Debug|x64 = Debug|x64
		Debug|x86 = Debug|x86
		Release|x64 = Release|x64
		Release|x86 = Release|x86
	EndGlobalSection
	GlobalSection(ProjectConfigurationPlatforms) = postSolution
		{F395AA0D-9045-4E5B-A309-1EC5519B3529}.Debug|x64.ActiveCfg = Debug|x64
		{F395AA0D-9045-4E5B-A309-1EC5519B3529}.Debug|x64.Build.0 = Debug|x64
		{F395AA0D-9045-4E5B-A309-1EC5519B3529}.Debug|x86.ActiveCfg = Debug|Win32
		{F395AA0D-9045-4E5B-A309-1EC5519B3529}.Debug|x86.Build.0 = Debug|Win32
		{F395AA0D-9045-4E5B-A309-1EC5519B3529}.Release|x64.ActiveCfg = Release|x64
		{F395AA0D-9045-4E5B-A309-1EC5519B3529}.Release|x64.Build.0 = Release|x64
		{F395AA0D-9045-4E5B-A309-1EC5519B3529}.Release|x86.ActiveCfg = Release|Win32
		{F395AA0D-9045-4E5B-A309-1EC5519B3529}.Release|x86.Build.0 = Release|Win32
		{832B65F0-6798-4F0F-A69E-09AFBBA98E79}.Debug|x64.ActiveCfg = Debug|x64
		{832B65F0-6798-4F0F-A69E-09AFBBA98E79}.Debug|x64.Build.0 = Debug|x64
		{832B65F0-6798-4F0F-A69E-09AFBBA98E79}.Debug|x86.ActiveCfg = Debug|Win32
		{832B65F0-6798-4F0F-A69E-09AFBBA98E79}.Debug|x86.Build.0 = Debug|Win32
		{832B65F0-6798-4F0F-A69E-09AFBBA98E79}.Release|x64.ActiveCfg = Release|x64
		{832B65F0-6798-4F0F-A69E-09AFBBA98E79}.Release|x64.Build.0 = Release|x64
		{832B65F0-6798-4F0F-A69E-09AFBBA98E79}.Release|x86.ActiveCfg = Release|Win32
		{832B65F0-6798-4F0F-A69E-09AFBBA98E79}.Release|x86.Build.0 = Release|Win32
		{8E9548CC-C16A-454B-9418-13F455D7CA8C}.Debug|x64.ActiveCfg = Debug|x64
		{8E9548CC-C16A-454B-9418-13F455D7CA8C}.Debug|x64.Build.0 = Debug|x64
		{8E9548CC-C16A-454B-9418-13F455D7CA8C}.Debug|x86.ActiveCfg = Debug|Win32
		{8E9548CC-C16A-454B-9418-13F455D7CA8C}.Debug|x86.Build.0 = Debug|Win32
		{8E9548CC-C16A-454B-9418-13F455D7CA8C}.Release|x64.ActiveCfg = Release|x64
		{8E9548CC-C16A-454B-9418-13F455D7CA8C}.Release|x64.Build.0 = Release|x64
		{8E9548CC-C16A-454B-9418-13F455D7CA8C}.Release|x86.ActiveCfg = Release|Win32
		{8E9548CC-C16A-454B-9418-13F455D7CA8C}.Release|x86.Build.0 = Release|Win32
		{B861C255-8A7E-46A1-9E70-EBB40B935623}.Debug|x64.ActiveCfg = Debug|x64
		{B861C255-8A7E-46A1-9E70-EBB40B935623}.Debug|x64.Build.0 = Debug|x64
		{B861C255-8A7E-46A1-9E70-EBB40B935623}.Debug|x86.ActiveCfg = Debug|Win32
		{B861C255-8A7E-46A1-9E70-EBB40B935623}.Debug|x86.Build.0 = Debug|Win32
		{B861C255-8A7E-46A1-9E70-EBB40B935623}.Release|x64.ActiveCfg = Release|x64
		{B861C255-8A7E-46A1-9E70-EBB40B935623}.Release|x64.Build.0 = Release|x64
		{B861C255-8A7E-46A1-9E70-EBB40B935623}.Release|x86.ActiveCfg = Release|Win32
		{B861C255-8A7E-46A1-9E70-EBB40B935623}.Release|x86.Build.0 = Release|Win32
		{1A8D87A9-B6F1-465E-B45B-A4531BE2A54F}.Debug|x64.ActiveCfg = Debug|x64
		{1A8D87A9-B6F1-465E-B45B-A4531BE2A54F}.Debug|x64.Build.0 = Debug|x64
		{1A8D87A9-B6F1-465E-B45B-A4531BE2A54F}.Debug|x86.ActiveCfg = Debug|Win32
		{1A8D87A9-B6F1-465E-B45B-A4531BE2A54F}.Debug|x86.Build.0 = Debug|Win32
		{1A8D87A9-B6F1-465E-B45B-A4531BE2A54F}.Release|x64.ActiveCfg = Release|x64
		{1A8D87A9-B6F1-465E-B45B-A4531BE2A54F}.Release|x64.Build.0 = Release|x64
		{1A8D87A9-B6F1-465E-B45B-A4531BE2A54F}.Release|x86.ActiveCfg = Release|Win32
		{1A8D87A9-B6F1-465E-B45B-A4531BE2A54F}.Release|x86.Build.0 = Release|Win32
		{DF649212-571B-49D9-817A-5A5A5BB0D416}.Debug|x64.ActiveCfg = Debug|x64
		{DF649212-571B-49D9-817A-5A5A5BB0D416}.Debug|x64.Build.0 = Debug|x64
		{DF649212-571B-49D9-817A-5A5A5BB0D416}.Debug|x86.ActiveCfg = Debug|Win32
		{DF649212-571B-49D9-817A-5A5A5BB0D416}.Debug|x86.Build.0 = Debug|Win32
		{DF649212-571B-49D9-817A-5A5A5BB0D416}.Release|x64.ActiveCfg = Release|x64
		{DF649212-571B-49D9-817A-5A5A5BB0D416}.Release|x64.Build.0 = Release|x64
		{DF649212-571B-49D9-817A-5A5A5BB0D416}.Release|x86.ActiveCfg = Release|Win32
		{DF649212-571B-49D9-817A-5A5A5BB0D416}.Release|x86.Build.0 = Release|Win32
		{1B6AA74E-A6C2-4B61-B4CE-32F363A36D24}.Debug|x64.ActiveCfg = Debug|x64
		{1B6AA74E-A6C2-4B61-B4CE-32F363A36D24}.Debug|x64.Build.0 = Debug|x64
		{1B6AA74E-A6C2-4B61-B4CE-32F363A36D24}.Debug|x86.ActiveCfg = Debug|Win32
		{1B6AA74E-A6C2-4B61-B4CE-32F363A36D24}.Debug|x86.Build.0 = Debug|Win32
		{1B6AA74E-A6C2-4B61-B4CE-32F363A36D24}.Release|x64.ActiveCfg = Release|x64
		{1B6AA74E-A6C2-4B61-B4CE-32F363A36D24}.Release|x64.Build.0 = Release|x64
		{1B6AA74E-A6C2-4B61-B4CE-32F363A36D24}.Release|x86.ActiveCfg = Release|Win32
		{1B6AA74E-A6C2-4B61-B4CE-32F363A36D24}.Release|x86.Build.0 = Release|Win32
		{FFD17D06-DA28-4CC2-AEC0-D3C890207670}.Debug|x64.ActiveCfg = Debug|x64
		{FFD17D06-DA28-4CC2-AEC0-D3C890207670}.Debug|x64.Build.0 = Debug|x64
		{FFD17D06-DA28-4CC2-AEC0-D3C890207670}.Debug|x86.ActiveCfg = Debug|Win32
		{FFD17D06-DA28-4CC2-AEC0-D3C890207670}.Debug|x86.Build.0 = Debug|Win32
		{FFD17D06-DA28-4CC2-AEC0-D3C890207670}.Release|x64.ActiveCfg = Release|x64
		{FFD17D06-DA28-4CC2-AEC0-D3C890207670}.Release|x64.Build.0 = Release|x64
		{FFD17D06-DA28-4CC2-AEC0-D3C890207670}.Release|x86.ActiveCfg = Release|Win32
		{FFD17D06-DA28-4CC2-AEC0-D3C890207670}.Release|x86.Build.0 = Release|Win32
		{DEE0F087-9A7A-4633-835F-11F2D997C1ED}.Debug|x64.ActiveCfg = Debug|x64
		{DEE0F087-9A7A-4633-835F-11F2D997C1ED}.Debug|x64.Build.0 = Debug|x64
		{DEE0F087-9A7A-4633-835F-11F2D997C1ED}.Debug|x86.ActiveCfg = Debug|Win32
		{DEE0F087-9A7A-4633-835F-11F2D997C1ED}.Debug|x86.Build.0 = Debug|Win32
		{DEE0F087-9A7A-4633-835F-11F2D997C1ED}.Release|x64.ActiveCfg = Release|x64
		{DEE0F087-9A7A-4633-835F-11F2D997C1ED}.Release|x64.Build.0 = Release|x64
		{DEE0F087-9A7A-4633-835F-11F2D997C1ED}.Release|x86.ActiveCfg = Release|Win32
		{DEE0F087-9A7A-4633-835F-11F2D997C1ED}.Release|x86.Build.0 = Release|Win32
		{62E6E905-0CF3-4E08-8A58-2A0956DCB0FE}.Debug|x64.ActiveCfg = Debug|x64
		{62E6E905-0CF3-4E08-8A58-2A0956DCB0FE}.Debug|x64.Build.0 = Debug|x64
		{62E6E905-0CF3-4E08-8A58-2A0956DCB0FE}.Debug|x86.ActiveCfg = Debug|Win32
		{62E6E905-0CF3-4E08-8A58-2A0956DCB0FE}.Debug|x86.Build.0 = Debug|Win32
		{62E6E905-0CF3-4E08-8A58-2A0956DCB0FE}.Release|x64.ActiveCfg = Release|x64
		{62E6E905-0CF3-4E08-8A58-2A0956DCB0FE}.Release|x64.Build.0 = Release|x64
		{62E6E905-0CF3-4E08-8A58-2A0956DCB0FE}.Release|x86.ActiveCfg = Release|Win32
		{62E6E905-0CF3-4E08-8A58-2A0956DCB0FE}.Release|x86.Build.0 = Release|Win32
		{C759F92E-9595-4AEE-86DF-7706148C82E2}.Debug|x64.ActiveCfg = Debug|x64
		{C759F92E-9595-4AEE-86DF-7706148C82E2}.Debug|x64.Build.0 = Debug|x64
		{C759F92E-9595-4AEE-86DF-7706148C82E2}.Debug|x86.ActiveCfg = Debug|Win32
		{C759F92E-9595-4AEE-86DF-7706148C82E2}.Debug|x86.Build.0 = Debug|Win32
		{C759F92E-9595-4AEE-86DF-7706148C82E2}.Release|x64.ActiveCfg = Release|x64
		{C759F92E-9595-4AEE-86DF-7706148C82E2}.Release|x64.Build.0 = Release|x64
		{C759F92E-9595-4AEE-86DF-7706148C82E2}.Release|x86.ActiveCfg = Release|Win32
		{C759F92E-9595-4AEE-86DF-7706148C82E2}.Release|x86.Build.0 = Release|Win32
		{C99DF1B6-95AB-4904-97B9-4D39BB2ACADE}.Debug|x64.ActiveCfg = Debug|x64
		{C99DF1B6-95AB-4904-97B9-4D39BB2ACADE}.Debug|x64.Build.0 = Debug|x64
		{C99DF1B6-95AB-4904-97B9-4D39BB2ACADE}.Debug|x86.ActiveCfg = Debug|Win32
		{C99DF1B6-95AB-4904-97B9-4D39BB2ACADE}.Debug|x86.Build.0 = Debug|Win32
		{C99DF1B6-95AB-4904-97B9-4D39BB2ACADE}.Release|x64.ActiveCfg = Release|x64
		{C99DF1B6-95AB-4904-97B9-4D39BB2ACADE}.Release|x64.Build.0 = Release|x64
		{C99DF1B6-95AB-4904-97B9-4D39BB2ACADE}.Release|x86.ActiveCfg = Release|Win32
		{C99DF1B6-95AB-4904-97B9-4D39BB2ACADE}.Release|x86.Build.0 = Release|Win32
		{E0FF869A-17AB-4188-A009-B6F7119DA31E}.Debug|x64.ActiveCfg = Debug|x64
		{E0FF869A-17AB-4188-A009-B6F7119DA31E}.Debug|x64.Build.0 = Debug|x64
		{E0FF869A-17AB-4188-A009-B6F7119DA31E}.Debug|x86.ActiveCfg = Debug|Win32
		{E0FF869A-17AB-4188-A009-B6F7119DA31E}.Debug|x86.Build.0 = Debug|Win32
		{E0FF869A-17AB-4188-A009-B6F7119DA31E}.Release|x64.ActiveCfg = Release|x64
		{E0FF869A-17AB-4188-A009-B6F7119DA31E}.Release|x64.Build.0 = Release|x64
		{E0FF869A-17AB-4188-A009-B6F7119DA31E}.Release|x86.ActiveCfg = Release|Win32
		{E0FF869A-17AB-4188-A009-B6F7119DA31E}.Release|x86.Build.0 = Release|Win32
		{7C725FD5-860A-4201-B805-B240386417D2}.Debug|x64.ActiveCfg = Debug|x64
		{7C725FD5-860A-4201-B805-B240386417D2}.Debug|x64.Build.0 = Debug|x64
		{7C725FD5-860A-4201-B805-B240386417D2}.Debug|x86.ActiveCfg = Debug|Win32
		{7C725FD5-860A-4201-B805-B240386417D2}.Debug|x86.Build.0 = Debug|Win32
		{7C725FD5-860A-4201-B805-B240386417D2}.Release|x64.ActiveCfg = Release|x64
		{7C725FD5-860A-4201-B805-B240386417D2}.Release|x64.Build.0 = Release|x64
		{7C725FD5-860A-4201-B805-B240386417D2}.Release|x86.ActiveCfg = Release|Win32
		{7C725FD5-860A-4201-B805-B240386417D2}.Release|x86.Build.0 = Release|Win32
		{075CACFC-F096-4878-9D5E-A4FB9D1D42A5}.Debug|x64.ActiveCfg = Debug|x64
		{075CACFC-F096-4878-9D5E-A4FB9D1D42A5}.Debug|x64.Build.0 = Debug|x64
		{075CACFC-F096-4878-9D5E-A4FB9D1D42A5}.Debug|x86.ActiveCfg = Debug|Win32
		{075CACFC-F096-4878-9D5E-A4FB9D1D42A5}.Debug|x86.Build.0 = Debug|Win32
		{075CACFC-F096-4878-9D5E-A4FB9D1D42A5}.Release|x64.ActiveCfg = Release|x64
		{075CACFC-F096-4878-9D5E-A4FB9D1D42A5}.Release|x64.Build.0 = Release|x64
		{075CACFC-F096-4878-9D5E-A4FB9D1D42A5}.Release|x86.ActiveCfg = Release|Win32
		{075CACFC-F096-4878-9D5E-A4FB9D1D42A5}.Release|x86.Build.0 = Release|Win32
		{D80E0912-4B15-4BBF-8196-D21ED35E4C8F}.Debug|x64.ActiveCfg = Debug|x64
		{D80E0912-4B15-4BBF-8196-D21ED35E4C8F}.Debug|x64.Build.0 = Debug|x64
		{D80E0912-4B15-4BBF-8196-D21ED35E4C8F}.Debug|x86.ActiveCfg = Debug|Win32
		{D80E0912-4B15-4BBF-8196-D21ED35E4C8F}.Debug|x86.Build.0 = Debug|Win32
		{D80E0912-4B15-4BBF-8196-D21ED35E4C8F}.Release|x64.ActiveCfg = Release|x64
		{D80E0912-4B15-4BBF-8196-D21ED35E4C8F}.Release|x64.Build.0 = Release|x64
		{D80E0912-4B15-4BBF-8196-D21ED35E4C8F}.Release|x86.ActiveCfg = Release|Win32
		{D80E0912-4B15-4BBF-8196-D21ED35E4C8F}.Release|x86.Build.0 = Release|Win32
		{093F1533-5D34-47F2-AA13-C7FD0AF2BDCD}.Debug|x64.ActiveCfg = Debug|x64
		{093F1533-5D34-47F2-AA13-C7FD0AF2BDCD}.Debug|x64.Build.0 = Debug|x64
		{093F1533-5D34-47F2-AA13-C7FD0AF2BDCD}.Debug|x86.ActiveCfg = Debug|Win32
		{093F1533-5D34-47F2-AA13-C7FD0AF2BDCD}.Debug|x86.Build.0 = Debug|Win32
		{093F1533-5D34-47F2-AA13-C7FD0AF2BDCD}.Release|x64.ActiveCfg = Release|x64
		{093F1533-5D34-47F2-AA13-C7FD0AF2BDCD}.Release|x64.Build.0 = Release|x64
		{093F1533-5D34-47F2-AA13-C7FD0AF2BDCD}.Release|x86.ActiveCfg = Release|Win32
		{093F1533-5D34-47F2-AA13-C7FD0AF2BDCD}.Release|x86.Build.0 = Release|Win32
		{AE6D6341-4A38-487A-BDD3-4B09E9E645A9}.Debug|x64.ActiveCfg = Debug|x64
		{AE6D6341-4A38-487A-BDD3-4B09E9E645A9}.Debug|x64.Build.0 = Debug|x64
		{AE6D6341-4A38-487A-BDD3-4B09E9E645A9}.Debug|x86.ActiveCfg = Debug|Win32
		{AE6D6341-4A38-487A-BDD3-4B09E9E645A9}.Debug|x86.Build.0 = Debug|Win32
		{AE6D6341-4A38-487A-BDD3-4B09E9E645A9}.Release|x64.ActiveCfg = Release|x64
		{AE6D6341-4A38-487A-BDD3-4B09E9E645A9}.Release|x64.Build.0 = Release|x64
		{AE6D6341-4A38-487A-BDD3-4B09E9E645A9}.Release|x86.ActiveCfg = Release|Win32
		{AE6D6341-4A38-487A-BDD3-4B09E9E645A9}.Release|x86.Build.0 = Release|Win32
		{E52E956C-7821-41B6-AB9C-3241CEA3548F}.Debug|x64.ActiveCfg = Debug|x64
		{E52E956C-7821-41B6-AB9C-3241CEA3548F}.Debug|x64.Build.0 = Debug|x64
		{E52E956C-7821-41B6-AB9C-3241CEA3548F}.Debug|x86.ActiveCfg = Debug|Win32
		{E52E956C-7821-41B6-AB9C-3241CEA3548F}.Debug|x86.Build.0 = Debug|Win32
		{E52E956C-7821-41B6-AB9C-3241CEA3548F}.Release|x64.ActiveCfg = Release|x64
		{E52E956C-7821-41B6-AB9C-3241CEA3548F}.Release|x64.Build.0 = Release|x64
		{E52E956C-7821-41B6-AB9C-3241CEA3548F}.Release|x86.ActiveCfg = Release|Win32
		{E52E956C-7821-41B6-AB9C-3241CEA3548F}.Release|x86.Build.0 = Release|Win32
		{A4663C27-AD2F-45A3-A6BD-B001BF5D2A13}.Debug|x64.ActiveCfg = Debug|x64
		{A4663C27-AD2F-45A3-A6BD-B001BF5D2A13}.Debug|x64.Build.0 = Debug|x64
		{A4663C27-AD2F-45A3-A6BD-B001BF5D2A13}.Debug|x86.ActiveCfg = Debug|Win32
		{A4663C27-AD2F-45A3-A6BD-B001BF5D2A13}.Debug|x86.Build.0 = Debug|Win32
		{A4663C27-AD2F-45A3-A6BD-B001BF5D2A13}.Release|x64.ActiveCfg = Release|x64
		{A4663C27-AD2F-45A3-A6BD-B001BF5D2A13}.Release|x64.Build.0 = Release|x64
		{A4663C27-AD2F-45A3-A6BD-B001BF5D2A13}.Release|x86.ActiveCfg = Release|Win32
		{A4663C27-AD2F-45A3-A6BD-B001BF5D2A13}.Release|x86.Build.0 = Release|Win32
		{E4EC7D95-3B55-47D3-9543-4F4C266BA730}.Debug|x64.ActiveCfg = Debug|x64
		{E4EC7D95-3B55-47D3-9543-4F4C266BA730}.Debug|x64.Build.0 = Debug|x64
		{E4EC7D95-3B55-47D3-9543-4F4C266BA730}.Debug|x86.ActiveCfg = Debug|Win32
		{E4EC7D95-3B55-47D3-9543-4F4C266BA730}.Debug|x86.Build.0 = Debug|Win32
		{E4EC7D95-3B55-47D3-9543-4F4C266BA730}.Release|x64.ActiveCfg = Release|x64
		{E4EC7D95-3B55-47D3-9543-4F4C266BA730}.Release|x64.Build.0 = Release|x64
		{E4EC7D95-3B55-47D3-9543-4F4C266BA730}.Release|x86.ActiveCfg = Release|Win32
		{E4EC7D95-3B55-47D3-9543-4F4C266BA730}.Release|x86.Build.0 = Release|Win32
		{270AF121-A5F8-4DFA-93CC-7B38CF73A7F8}.Debug|x64.ActiveCfg = Debug|x64
		{270AF121-A5F8-4DFA-93CC-7B38CF73A7F8}.Debug|x64.Build.0 = Debug|x64
		{270AF121-A5F8-4DFA-93CC-7B38CF73A7F8}.Debug|x86.ActiveCfg = Debug|Win32
		{270AF121-A5F8-4DFA-93CC-7B38CF73A7F8}.Debug|x86.Build.0 = Debug|Win32
		{270AF121-A5F8-4DFA-93CC-7B38CF73A7F8}.Release|x64.ActiveCfg = Release|x64
		{270AF121-A5F8-4DFA-93CC-7B38CF73A7F8}.Release|x64.Build.0 = Release|x64
		{270AF121-A5F8-4DFA-93CC-7B38CF73A7F8}.Release|x86.ActiveCfg = Release|Win32
		{270AF121-A5F8-4DFA-93CC-7B38CF73A7F8}.Release|x86.Build.0 = Release|Win32
		{DCC49069-93C3-4902-9D0A-F29C04337642}.Debug|x64.ActiveCfg = Debug|x64
		{DCC49069-93C3-4902-9D0A-F29C04337642}.Debug|x64.Build.0 = Debug|x64
		{DCC49069-93C3-4902-9D0A-F29C04337642}.Debug|x86.ActiveCfg = Debug|Win32
		{DCC49069-93C3-4902-9D0A-F29C04337642}.Debug|x86.Build.0 = Debug|Win32
		{DCC49069-93C3-4902-9D0A-F29C04337642}.Release|x64.ActiveCfg = Release|x64
		{DCC49069-93C3-4902-9D0A-F29C04337642}.Release|x64.Build.0 = Release|x64
		{DCC49069-93C3-4902-9D0A-F29C04337642}.Release|x86.ActiveCfg = Release|Win32
		{DCC49069-93C3-4902-9D0A-F29C04337642}.Release|x86.Build.0 = Release|Win32
		{7AAA7269-7877-42B8-ABAA-78C44FEAE348}.Debug|x64.ActiveCfg = Debug|x64
		{7AAA7269-7877-42B8-ABAA-78C44FEAE348}.Debug|x64.Build.0 = Debug|x64
		{7AAA7269-7877-42B8-ABAA-78C44FEAE348}.Debug|x86.ActiveCfg = Debug|Win32
		{7AAA7269-7877-42B8-ABAA-78C44FEAE348}.Debug|x86.Build.0 = Debug|Win32
		{7AAA7269-7877-42B8-ABAA-78C44FEAE348}.Release|x64.ActiveCfg = Release|x64
		{7AAA7269-7877-42B8-ABAA-78C44FEAE348}.Release|x64.Build.0 = Release|x64
		{7AAA7269-7877-42B8-ABAA-78C44FEAE348}.Release|x86.ActiveCfg = Release|Win32
		{7AAA7269-7877-42B8-ABAA-78C44FEAE348}.Release|x86.Build.0 = Release|Win32
		{50224BEA-DE02-442C-B873-39B8529BB629}.Debug|x64.ActiveCfg = Debug|x64
		{50224BEA-DE02-442C-B873-39B8529BB629}.Debug|x64.Build.0 = Debug|x64
		{50224BEA-DE02-442C-B873-39B8529BB629}.Debug|x86.ActiveCfg = Debug|Win32
		{50224BEA-DE02-442C-B873-39B8529BB629}.Debug|x86.Build.0 = Debug|Win32
		{50224BEA-DE02-442C-B873-39B8529BB629}.Release|x64.ActiveCfg = Release|x64
		{50224BEA-DE02-442C-B873-39B8529BB629}.Release|x64.Build.0 = Release|x64
		{50224BEA-DE02-442C-B873-39B8529BB629}.Release|x86.ActiveCfg = Release|Win32
		{50224BEA-DE02-442C-B873-39B8529BB629}.Release|x86.Build.0 = Release|Win32
	EndGlobalSection
	GlobalSection(SolutionProperties) = preSolution
		HideSolutionNode = FALSE
	EndGlobalSection
	GlobalSection(ExtensibilityGlobals) = postSolution
		SolutionGuid = {BD8255F2-AB0B-4537-A65C-9E026B57BE6B}
	EndGlobalSection
EndGlobal
