
Microsoft Visual Studio Solution File, Format Version 12.00
# Visual Studio Version 17
VisualStudioVersion = 17.11.35208.52
MinimumVisualStudioVersion = 10.0.40219.1
Project("{8BC9CEB8-8B4A-11D0-8D11-00A0C91BC942}") = "P03_W3a", "P03_W3a\P03_W3a.vcxproj", "{344400D8-C3F2-4C69-B67F-D8A548B14DFD}"
EndProject
Project("{8BC9CEB8-8B4A-11D0-8D11-00A0C91BC942}") = "P12_W3a", "P12_W3a\P12_W3a.vcxproj", "{D0CE7C53-5E5A-4DC1-9AC4-E575662AFA11}"
EndProject
Project("{8BC9CEB8-8B4A-11D0-8D11-00A0C91BC942}") = "P13_W3a", "P13_W3a\P13_W3a.vcxproj", "{870F3FEB-186D-454B-B56C-9C5003AF4974}"
EndProject
Project("{8BC9CEB8-8B4A-11D0-8D11-00A0C91BC942}") = "P02_W3b", "P02_W3b\P02_W3b.vcxproj", "{407491DC-56D3-4A0F-BA69-D982E2590945}"
EndProject
Project("{8BC9CEB8-8B4A-11D0-8D11-00A0C91BC942}") = "P20_W3b", "P20_W3b\P20_W3b.vcxproj", "{D131522D-8C2D-413B-BDB5-1C80B2AAD4C0}"
EndProject
Project("{8BC9CEB8-8B4A-11D0-8D11-00A0C91BC942}") = "P01_W3a", "P01_W3a\P01_W3a.vcxproj", "{A90BFCE5-7ACA-4CA9-B57F-77372AB7970B}"
EndProject
Project("{8BC9CEB8-8B4A-11D0-8D11-00A0C91BC942}") = "P02_W3a", "P02_W3a\P02_W3a.vcxproj", "{807C45F0-F1BA-406B-AF23-028453EB3DF6}"
EndProject
Project("{8BC9CEB8-8B4A-11D0-8D11-00A0C91BC942}") = "P04_W3a", "P04_W3a\P04_W3a.vcxproj", "{1CAE2C73-D9D8-4B6A-ABAD-F7B878DF04A2}"
EndProject
Project("{8BC9CEB8-8B4A-11D0-8D11-00A0C91BC942}") = "P05_W3a", "P05_W3a\P05_W3a.vcxproj", "{23F15E84-0FBE-49B6-9995-CC52FA271C12}"
EndProject
Project("{8BC9CEB8-8B4A-11D0-8D11-00A0C91BC942}") = "P06_W3a", "P06_W3a\P06_W3a.vcxproj", "{2BFCC1F7-5DFB-4FC0-8BE7-E9BFE039EF07}"
EndProject
Project("{8BC9CEB8-8B4A-11D0-8D11-00A0C91BC942}") = "P07_W3a", "P07_W3a\P07_W3a.vcxproj", "{5D058A1E-68E0-41A4-A676-E5B5EF2FEF7D}"
EndProject
Project("{8BC9CEB8-8B4A-11D0-8D11-00A0C91BC942}") = "P08_W3a", "P08_W3a\P08_W3a.vcxproj", "{D37B0D68-CB8D-4B4D-947B-D73428177017}"
EndProject
Project("{8BC9CEB8-8B4A-11D0-8D11-00A0C91BC942}") = "P09_W3a", "P09_W3a\P09_W3a.vcxproj", "{F3903E05-9462-4BCA-B28D-E5E1B5EF58CB}"
EndProject
Project("{8BC9CEB8-8B4A-11D0-8D11-00A0C91BC942}") = "P10_W3a", "P10_W3a\P10_W3a.vcxproj", "{BAD82CD5-2672-4040-9FAD-4D9DBF5B11B4}"
EndProject
Project("{8BC9CEB8-8B4A-11D0-8D11-00A0C91BC942}") = "P11_W3a", "P11_W3a\P11_W3a.vcxproj", "{AFD537F8-0E88-480E-B6AC-4FF813487AB6}"
EndProject
Project("{8BC9CEB8-8B4A-11D0-8D11-00A0C91BC942}") = "P14_W3a", "P14_W3a\P14_W3a.vcxproj", "{ED28C646-1FEF-4F15-88F9-289D2D953675}"
EndProject
Project("{8BC9CEB8-8B4A-11D0-8D11-00A0C91BC942}") = "P15_W3a", "P15_W3a\P15_W3a.vcxproj", "{1939912A-1CC6-4A24-9361-AAEA31A0DC44}"
EndProject
Project("{8BC9CEB8-8B4A-11D0-8D11-00A0C91BC942}") = "P16_W3a", "P16_W3a\P16_W3a.vcxproj", "{0B292D49-8084-4F42-8C09-F68E46EDCA6A}"
EndProject
Project("{8BC9CEB8-8B4A-11D0-8D11-00A0C91BC942}") = "P17_W3a", "P17_W3a\P17_W3a.vcxproj", "{7F68B320-CB7E-4981-8057-A13ABD652194}"
EndProject
Project("{8BC9CEB8-8B4A-11D0-8D11-00A0C91BC942}") = "P18_W3a", "P18_W3a\P18_W3a.vcxproj", "{CCFFCDF9-0F23-4D70-9D36-DD49951BE299}"
EndProject
Project("{8BC9CEB8-8B4A-11D0-8D11-00A0C91BC942}") = "P19_W3a", "P19_W3a\P19_W3a.vcxproj", "{A8362174-CC98-4D81-95A0-1305A6AA618A}"
EndProject
Project("{8BC9CEB8-8B4A-11D0-8D11-00A0C91BC942}") = "P20_W3a", "P20_W3a\P20_W3a.vcxproj", "{C01748E9-5370-4348-B8FD-9A593A1CFCC2}"
EndProject
Project("{8BC9CEB8-8B4A-11D0-8D11-00A0C91BC942}") = "P01_W3b", "P01_W3b\P01_W3b.vcxproj", "{7784C069-B93A-4A81-9CE8-D2F68025DB15}"
EndProject
Project("{8BC9CEB8-8B4A-11D0-8D11-00A0C91BC942}") = "P03_W3b", "P03_W3b\P03_W3b.vcxproj", "{1596EAE0-920D-4050-94E3-66EFF6952A61}"
EndProject
Project("{8BC9CEB8-8B4A-11D0-8D11-00A0C91BC942}") = "P04_W3b", "P04_W3b\P04_W3b.vcxproj", "{CE705A6C-1A9E-4A75-9DD8-E4B347F9F06D}"
EndProject
Project("{8BC9CEB8-8B4A-11D0-8D11-00A0C91BC942}") = "P05_W3b", "P05_W3b\P05_W3b.vcxproj", "{6A59FB61-EA40-4F97-8F54-73F3863A5771}"
EndProject
Project("{8BC9CEB8-8B4A-11D0-8D11-00A0C91BC942}") = "P06_W3b", "P06_W3b\P06_W3b.vcxproj", "{60CB1FC6-7500-4210-93CC-5B9FA14126B4}"
EndProject
Project("{8BC9CEB8-8B4A-11D0-8D11-00A0C91BC942}") = "P07_W3b", "P07_W3b\P07_W3b.vcxproj", "{7DC6E363-FF4C-4410-9BE2-2BADA5E71093}"
EndProject
Project("{8BC9CEB8-8B4A-11D0-8D11-00A0C91BC942}") = "P08_W3b", "P08_W3b\P08_W3b.vcxproj", "{1A2E21BC-91D7-43D3-8DA1-D457CA00B292}"
EndProject
Project("{8BC9CEB8-8B4A-11D0-8D11-00A0C91BC942}") = "P09_W3b", "P09_W3b\P09_W3b.vcxproj", "{D113E623-C279-4C8F-8D00-0CA56F0AE72E}"
EndProject
Project("{8BC9CEB8-8B4A-11D0-8D11-00A0C91BC942}") = "P10_W3b", "P10_W3b\P10_W3b.vcxproj", "{CBCC5C5D-8C76-4713-92B7-7A4915D7C09C}"
EndProject
Project("{8BC9CEB8-8B4A-11D0-8D11-00A0C91BC942}") = "P11_W3b", "P11_W3b\P11_W3b.vcxproj", "{8B339464-A5C0-4285-B2EF-B72B866085AC}"
EndProject
Project("{8BC9CEB8-8B4A-11D0-8D11-00A0C91BC942}") = "P12_W3b", "P12_W3b\P12_W3b.vcxproj", "{EBE1BE6B-CD66-47ED-A2A2-6B4B37D9B87A}"
EndProject
Project("{8BC9CEB8-8B4A-11D0-8D11-00A0C91BC942}") = "P13_W3b", "P13_W3b\P13_W3b.vcxproj", "{E3097709-5EEC-494A-9639-C9BAC2A03778}"
EndProject
Project("{8BC9CEB8-8B4A-11D0-8D11-00A0C91BC942}") = "P14_W3b", "P14_W3b\P14_W3b.vcxproj", "{7ACD28D4-5AA4-463D-AFE3-5EDED087C066}"
EndProject
Project("{8BC9CEB8-8B4A-11D0-8D11-00A0C91BC942}") = "P15_W3b", "P15_W3b\P15_W3b.vcxproj", "{2BA2EF84-DD11-4183-A896-08DF4CBA3C91}"
EndProject
Project("{8BC9CEB8-8B4A-11D0-8D11-00A0C91BC942}") = "P16_W3b", "P16_W3b\P16_W3b.vcxproj", "{4A014E87-8408-4DE3-BE2A-AE5596D7B33D}"
EndProject
Project("{8BC9CEB8-8B4A-11D0-8D11-00A0C91BC942}") = "P17_W3b", "P17_W3b\P17_W3b.vcxproj", "{A4F24B9D-41CD-46B4-A05D-CC94744005FC}"
EndProject
Project("{8BC9CEB8-8B4A-11D0-8D11-00A0C91BC942}") = "P18_W3b", "P18_W3b\P18_W3b.vcxproj", "{F7561C29-BBFC-4D8B-ADF4-2FC8938CE639}"
EndProject
Project("{8BC9CEB8-8B4A-11D0-8D11-00A0C91BC942}") = "P19_W3b", "P19_W3b\P19_W3b.vcxproj", "{9E61AF8E-4E44-4BBC-A623-F7E08DC5AFB4}"
EndProject
Project("{8BC9CEB8-8B4A-11D0-8D11-00A0C91BC942}") = "P21_W3b", "P21_W3b\P21_W3b.vcxproj", "{A0F897AF-13CD-45C3-BFC3-1D67383976BA}"
EndProject
Project("{8BC9CEB8-8B4A-11D0-8D11-00A0C91BC942}") = "P22_W3b", "P22_W3b\P22_W3b.vcxproj", "{9449A0AD-3F1F-447F-BD1A-ABA32FB90C8B}"
EndProject
Project("{8BC9CEB8-8B4A-11D0-8D11-00A0C91BC942}") = "P23_W3b", "P23_W3b\P23_W3b.vcxproj", "{AE548B98-8DB8-4C6E-B8A6-AD0A92BD2C4A}"
EndProject
Project("{8BC9CEB8-8B4A-11D0-8D11-00A0C91BC942}") = "P24_W3b", "P24_W3b\P24_W3b.vcxproj", "{6044FDFE-D552-42AB-AA95-B1DC380E2A93}"
EndProject
Project("{8BC9CEB8-8B4A-11D0-8D11-00A0C91BC942}") = "P25_W3b", "P25_W3b\P25_W3b.vcxproj", "{84F7D43D-4FA2-4C43-92AE-B5ADEFFD2C78}"
EndProject
Project("{8BC9CEB8-8B4A-11D0-8D11-00A0C91BC942}") = "P26_W3b", "P26_W3b\P26_W3b.vcxproj", "{383D3F8B-5E02-4772-8271-ACD47E348E8C}"
EndProject
Project("{8BC9CEB8-8B4A-11D0-8D11-00A0C91BC942}") = "P27_W3b", "P27_W3b\P27_W3b.vcxproj", "{39E32794-01BE-4864-B507-2E2345169836}"
EndProject
Project("{8BC9CEB8-8B4A-11D0-8D11-00A0C91BC942}") = "P28_W3b", "P28_W3b\P28_W3b.vcxproj", "{94918B63-7F78-4098-BD24-FA1304DF890D}"
EndProject
Project("{8BC9CEB8-8B4A-11D0-8D11-00A0C91BC942}") = "P29_W3b", "P29_W3b\P29_W3b.vcxproj", "{5ACFE1BE-0CBA-404A-AAF6-4E4641A4417B}"
EndProject
Project("{8BC9CEB8-8B4A-11D0-8D11-00A0C91BC942}") = "P30_W3b", "P30_W3b\P30_W3b.vcxproj", "{DE339AAF-BFFE-4096-8BCD-68279E94C9A7}"
EndProject
Global
	GlobalSection(SolutionConfigurationPlatforms) = preSolution
		Debug|x64 = Debug|x64
		Debug|x86 = Debug|x86
		Release|x64 = Release|x64
		Release|x86 = Release|x86
	EndGlobalSection
	GlobalSection(ProjectConfigurationPlatforms) = postSolution
		{344400D8-C3F2-4C69-B67F-D8A548B14DFD}.Debug|x64.ActiveCfg = Debug|x64
		{344400D8-C3F2-4C69-B67F-D8A548B14DFD}.Debug|x64.Build.0 = Debug|x64
		{344400D8-C3F2-4C69-B67F-D8A548B14DFD}.Debug|x86.ActiveCfg = Debug|Win32
		{344400D8-C3F2-4C69-B67F-D8A548B14DFD}.Debug|x86.Build.0 = Debug|Win32
		{344400D8-C3F2-4C69-B67F-D8A548B14DFD}.Release|x64.ActiveCfg = Release|x64
		{344400D8-C3F2-4C69-B67F-D8A548B14DFD}.Release|x64.Build.0 = Release|x64
		{344400D8-C3F2-4C69-B67F-D8A548B14DFD}.Release|x86.ActiveCfg = Release|Win32
		{344400D8-C3F2-4C69-B67F-D8A548B14DFD}.Release|x86.Build.0 = Release|Win32
		{D0CE7C53-5E5A-4DC1-9AC4-E575662AFA11}.Debug|x64.ActiveCfg = Debug|x64
		{D0CE7C53-5E5A-4DC1-9AC4-E575662AFA11}.Debug|x64.Build.0 = Debug|x64
		{D0CE7C53-5E5A-4DC1-9AC4-E575662AFA11}.Debug|x86.ActiveCfg = Debug|Win32
		{D0CE7C53-5E5A-4DC1-9AC4-E575662AFA11}.Debug|x86.Build.0 = Debug|Win32
		{D0CE7C53-5E5A-4DC1-9AC4-E575662AFA11}.Release|x64.ActiveCfg = Release|x64
		{D0CE7C53-5E5A-4DC1-9AC4-E575662AFA11}.Release|x64.Build.0 = Release|x64
		{D0CE7C53-5E5A-4DC1-9AC4-E575662AFA11}.Release|x86.ActiveCfg = Release|Win32
		{D0CE7C53-5E5A-4DC1-9AC4-E575662AFA11}.Release|x86.Build.0 = Release|Win32
		{870F3FEB-186D-454B-B56C-9C5003AF4974}.Debug|x64.ActiveCfg = Debug|x64
		{870F3FEB-186D-454B-B56C-9C5003AF4974}.Debug|x64.Build.0 = Debug|x64
		{870F3FEB-186D-454B-B56C-9C5003AF4974}.Debug|x86.ActiveCfg = Debug|Win32
		{870F3FEB-186D-454B-B56C-9C5003AF4974}.Debug|x86.Build.0 = Debug|Win32
		{870F3FEB-186D-454B-B56C-9C5003AF4974}.Release|x64.ActiveCfg = Release|x64
		{870F3FEB-186D-454B-B56C-9C5003AF4974}.Release|x64.Build.0 = Release|x64
		{870F3FEB-186D-454B-B56C-9C5003AF4974}.Release|x86.ActiveCfg = Release|Win32
		{870F3FEB-186D-454B-B56C-9C5003AF4974}.Release|x86.Build.0 = Release|Win32
		{407491DC-56D3-4A0F-BA69-D982E2590945}.Debug|x64.ActiveCfg = Debug|x64
		{407491DC-56D3-4A0F-BA69-D982E2590945}.Debug|x64.Build.0 = Debug|x64
		{407491DC-56D3-4A0F-BA69-D982E2590945}.Debug|x86.ActiveCfg = Debug|Win32
		{407491DC-56D3-4A0F-BA69-D982E2590945}.Debug|x86.Build.0 = Debug|Win32
		{407491DC-56D3-4A0F-BA69-D982E2590945}.Release|x64.ActiveCfg = Release|x64
		{407491DC-56D3-4A0F-BA69-D982E2590945}.Release|x64.Build.0 = Release|x64
		{407491DC-56D3-4A0F-BA69-D982E2590945}.Release|x86.ActiveCfg = Release|Win32
		{407491DC-56D3-4A0F-BA69-D982E2590945}.Release|x86.Build.0 = Release|Win32
		{D131522D-8C2D-413B-BDB5-1C80B2AAD4C0}.Debug|x64.ActiveCfg = Debug|x64
		{D131522D-8C2D-413B-BDB5-1C80B2AAD4C0}.Debug|x64.Build.0 = Debug|x64
		{D131522D-8C2D-413B-BDB5-1C80B2AAD4C0}.Debug|x86.ActiveCfg = Debug|Win32
		{D131522D-8C2D-413B-BDB5-1C80B2AAD4C0}.Debug|x86.Build.0 = Debug|Win32
		{D131522D-8C2D-413B-BDB5-1C80B2AAD4C0}.Release|x64.ActiveCfg = Release|x64
		{D131522D-8C2D-413B-BDB5-1C80B2AAD4C0}.Release|x64.Build.0 = Release|x64
		{D131522D-8C2D-413B-BDB5-1C80B2AAD4C0}.Release|x86.ActiveCfg = Release|Win32
		{D131522D-8C2D-413B-BDB5-1C80B2AAD4C0}.Release|x86.Build.0 = Release|Win32
		{A90BFCE5-7ACA-4CA9-B57F-77372AB7970B}.Debug|x64.ActiveCfg = Debug|x64
		{A90BFCE5-7ACA-4CA9-B57F-77372AB7970B}.Debug|x64.Build.0 = Debug|x64
		{A90BFCE5-7ACA-4CA9-B57F-77372AB7970B}.Debug|x86.ActiveCfg = Debug|Win32
		{A90BFCE5-7ACA-4CA9-B57F-77372AB7970B}.Debug|x86.Build.0 = Debug|Win32
		{A90BFCE5-7ACA-4CA9-B57F-77372AB7970B}.Release|x64.ActiveCfg = Release|x64
		{A90BFCE5-7ACA-4CA9-B57F-77372AB7970B}.Release|x64.Build.0 = Release|x64
		{A90BFCE5-7ACA-4CA9-B57F-77372AB7970B}.Release|x86.ActiveCfg = Release|Win32
		{A90BFCE5-7ACA-4CA9-B57F-77372AB7970B}.Release|x86.Build.0 = Release|Win32
		{807C45F0-F1BA-406B-AF23-028453EB3DF6}.Debug|x64.ActiveCfg = Debug|x64
		{807C45F0-F1BA-406B-AF23-028453EB3DF6}.Debug|x64.Build.0 = Debug|x64
		{807C45F0-F1BA-406B-AF23-028453EB3DF6}.Debug|x86.ActiveCfg = Debug|Win32
		{807C45F0-F1BA-406B-AF23-028453EB3DF6}.Debug|x86.Build.0 = Debug|Win32
		{807C45F0-F1BA-406B-AF23-028453EB3DF6}.Release|x64.ActiveCfg = Release|x64
		{807C45F0-F1BA-406B-AF23-028453EB3DF6}.Release|x64.Build.0 = Release|x64
		{807C45F0-F1BA-406B-AF23-028453EB3DF6}.Release|x86.ActiveCfg = Release|Win32
		{807C45F0-F1BA-406B-AF23-028453EB3DF6}.Release|x86.Build.0 = Release|Win32
		{1CAE2C73-D9D8-4B6A-ABAD-F7B878DF04A2}.Debug|x64.ActiveCfg = Debug|x64
		{1CAE2C73-D9D8-4B6A-ABAD-F7B878DF04A2}.Debug|x64.Build.0 = Debug|x64
		{1CAE2C73-D9D8-4B6A-ABAD-F7B878DF04A2}.Debug|x86.ActiveCfg = Debug|Win32
		{1CAE2C73-D9D8-4B6A-ABAD-F7B878DF04A2}.Debug|x86.Build.0 = Debug|Win32
		{1CAE2C73-D9D8-4B6A-ABAD-F7B878DF04A2}.Release|x64.ActiveCfg = Release|x64
		{1CAE2C73-D9D8-4B6A-ABAD-F7B878DF04A2}.Release|x64.Build.0 = Release|x64
		{1CAE2C73-D9D8-4B6A-ABAD-F7B878DF04A2}.Release|x86.ActiveCfg = Release|Win32
		{1CAE2C73-D9D8-4B6A-ABAD-F7B878DF04A2}.Release|x86.Build.0 = Release|Win32
		{23F15E84-0FBE-49B6-9995-CC52FA271C12}.Debug|x64.ActiveCfg = Debug|x64
		{23F15E84-0FBE-49B6-9995-CC52FA271C12}.Debug|x64.Build.0 = Debug|x64
		{23F15E84-0FBE-49B6-9995-CC52FA271C12}.Debug|x86.ActiveCfg = Debug|Win32
		{23F15E84-0FBE-49B6-9995-CC52FA271C12}.Debug|x86.Build.0 = Debug|Win32
		{23F15E84-0FBE-49B6-9995-CC52FA271C12}.Release|x64.ActiveCfg = Release|x64
		{23F15E84-0FBE-49B6-9995-CC52FA271C12}.Release|x64.Build.0 = Release|x64
		{23F15E84-0FBE-49B6-9995-CC52FA271C12}.Release|x86.ActiveCfg = Release|Win32
		{23F15E84-0FBE-49B6-9995-CC52FA271C12}.Release|x86.Build.0 = Release|Win32
		{2BFCC1F7-5DFB-4FC0-8BE7-E9BFE039EF07}.Debug|x64.ActiveCfg = Debug|x64
		{2BFCC1F7-5DFB-4FC0-8BE7-E9BFE039EF07}.Debug|x64.Build.0 = Debug|x64
		{2BFCC1F7-5DFB-4FC0-8BE7-E9BFE039EF07}.Debug|x86.ActiveCfg = Debug|Win32
		{2BFCC1F7-5DFB-4FC0-8BE7-E9BFE039EF07}.Debug|x86.Build.0 = Debug|Win32
		{2BFCC1F7-5DFB-4FC0-8BE7-E9BFE039EF07}.Release|x64.ActiveCfg = Release|x64
		{2BFCC1F7-5DFB-4FC0-8BE7-E9BFE039EF07}.Release|x64.Build.0 = Release|x64
		{2BFCC1F7-5DFB-4FC0-8BE7-E9BFE039EF07}.Release|x86.ActiveCfg = Release|Win32
		{2BFCC1F7-5DFB-4FC0-8BE7-E9BFE039EF07}.Release|x86.Build.0 = Release|Win32
		{5D058A1E-68E0-41A4-A676-E5B5EF2FEF7D}.Debug|x64.ActiveCfg = Debug|x64
		{5D058A1E-68E0-41A4-A676-E5B5EF2FEF7D}.Debug|x64.Build.0 = Debug|x64
		{5D058A1E-68E0-41A4-A676-E5B5EF2FEF7D}.Debug|x86.ActiveCfg = Debug|Win32
		{5D058A1E-68E0-41A4-A676-E5B5EF2FEF7D}.Debug|x86.Build.0 = Debug|Win32
		{5D058A1E-68E0-41A4-A676-E5B5EF2FEF7D}.Release|x64.ActiveCfg = Release|x64
		{5D058A1E-68E0-41A4-A676-E5B5EF2FEF7D}.Release|x64.Build.0 = Release|x64
		{5D058A1E-68E0-41A4-A676-E5B5EF2FEF7D}.Release|x86.ActiveCfg = Release|Win32
		{5D058A1E-68E0-41A4-A676-E5B5EF2FEF7D}.Release|x86.Build.0 = Release|Win32
		{D37B0D68-CB8D-4B4D-947B-D73428177017}.Debug|x64.ActiveCfg = Debug|x64
		{D37B0D68-CB8D-4B4D-947B-D73428177017}.Debug|x64.Build.0 = Debug|x64
		{D37B0D68-CB8D-4B4D-947B-D73428177017}.Debug|x86.ActiveCfg = Debug|Win32
		{D37B0D68-CB8D-4B4D-947B-D73428177017}.Debug|x86.Build.0 = Debug|Win32
		{D37B0D68-CB8D-4B4D-947B-D73428177017}.Release|x64.ActiveCfg = Release|x64
		{D37B0D68-CB8D-4B4D-947B-D73428177017}.Release|x64.Build.0 = Release|x64
		{D37B0D68-CB8D-4B4D-947B-D73428177017}.Release|x86.ActiveCfg = Release|Win32
		{D37B0D68-CB8D-4B4D-947B-D73428177017}.Release|x86.Build.0 = Release|Win32
		{F3903E05-9462-4BCA-B28D-E5E1B5EF58CB}.Debug|x64.ActiveCfg = Debug|x64
		{F3903E05-9462-4BCA-B28D-E5E1B5EF58CB}.Debug|x64.Build.0 = Debug|x64
		{F3903E05-9462-4BCA-B28D-E5E1B5EF58CB}.Debug|x86.ActiveCfg = Debug|Win32
		{F3903E05-9462-4BCA-B28D-E5E1B5EF58CB}.Debug|x86.Build.0 = Debug|Win32
		{F3903E05-9462-4BCA-B28D-E5E1B5EF58CB}.Release|x64.ActiveCfg = Release|x64
		{F3903E05-9462-4BCA-B28D-E5E1B5EF58CB}.Release|x64.Build.0 = Release|x64
		{F3903E05-9462-4BCA-B28D-E5E1B5EF58CB}.Release|x86.ActiveCfg = Release|Win32
		{F3903E05-9462-4BCA-B28D-E5E1B5EF58CB}.Release|x86.Build.0 = Release|Win32
		{BAD82CD5-2672-4040-9FAD-4D9DBF5B11B4}.Debug|x64.ActiveCfg = Debug|x64
		{BAD82CD5-2672-4040-9FAD-4D9DBF5B11B4}.Debug|x64.Build.0 = Debug|x64
		{BAD82CD5-2672-4040-9FAD-4D9DBF5B11B4}.Debug|x86.ActiveCfg = Debug|Win32
		{BAD82CD5-2672-4040-9FAD-4D9DBF5B11B4}.Debug|x86.Build.0 = Debug|Win32
		{BAD82CD5-2672-4040-9FAD-4D9DBF5B11B4}.Release|x64.ActiveCfg = Release|x64
		{BAD82CD5-2672-4040-9FAD-4D9DBF5B11B4}.Release|x64.Build.0 = Release|x64
		{BAD82CD5-2672-4040-9FAD-4D9DBF5B11B4}.Release|x86.ActiveCfg = Release|Win32
		{BAD82CD5-2672-4040-9FAD-4D9DBF5B11B4}.Release|x86.Build.0 = Release|Win32
		{AFD537F8-0E88-480E-B6AC-4FF813487AB6}.Debug|x64.ActiveCfg = Debug|x64
		{AFD537F8-0E88-480E-B6AC-4FF813487AB6}.Debug|x64.Build.0 = Debug|x64
		{AFD537F8-0E88-480E-B6AC-4FF813487AB6}.Debug|x86.ActiveCfg = Debug|Win32
		{AFD537F8-0E88-480E-B6AC-4FF813487AB6}.Debug|x86.Build.0 = Debug|Win32
		{AFD537F8-0E88-480E-B6AC-4FF813487AB6}.Release|x64.ActiveCfg = Release|x64
		{AFD537F8-0E88-480E-B6AC-4FF813487AB6}.Release|x64.Build.0 = Release|x64
		{AFD537F8-0E88-480E-B6AC-4FF813487AB6}.Release|x86.ActiveCfg = Release|Win32
		{AFD537F8-0E88-480E-B6AC-4FF813487AB6}.Release|x86.Build.0 = Release|Win32
		{ED28C646-1FEF-4F15-88F9-289D2D953675}.Debug|x64.ActiveCfg = Debug|x64
		{ED28C646-1FEF-4F15-88F9-289D2D953675}.Debug|x64.Build.0 = Debug|x64
		{ED28C646-1FEF-4F15-88F9-289D2D953675}.Debug|x86.ActiveCfg = Debug|Win32
		{ED28C646-1FEF-4F15-88F9-289D2D953675}.Debug|x86.Build.0 = Debug|Win32
		{ED28C646-1FEF-4F15-88F9-289D2D953675}.Release|x64.ActiveCfg = Release|x64
		{ED28C646-1FEF-4F15-88F9-289D2D953675}.Release|x64.Build.0 = Release|x64
		{ED28C646-1FEF-4F15-88F9-289D2D953675}.Release|x86.ActiveCfg = Release|Win32
		{ED28C646-1FEF-4F15-88F9-289D2D953675}.Release|x86.Build.0 = Release|Win32
		{1939912A-1CC6-4A24-9361-AAEA31A0DC44}.Debug|x64.ActiveCfg = Debug|x64
		{1939912A-1CC6-4A24-9361-AAEA31A0DC44}.Debug|x64.Build.0 = Debug|x64
		{1939912A-1CC6-4A24-9361-AAEA31A0DC44}.Debug|x86.ActiveCfg = Debug|Win32
		{1939912A-1CC6-4A24-9361-AAEA31A0DC44}.Debug|x86.Build.0 = Debug|Win32
		{1939912A-1CC6-4A24-9361-AAEA31A0DC44}.Release|x64.ActiveCfg = Release|x64
		{1939912A-1CC6-4A24-9361-AAEA31A0DC44}.Release|x64.Build.0 = Release|x64
		{1939912A-1CC6-4A24-9361-AAEA31A0DC44}.Release|x86.ActiveCfg = Release|Win32
		{1939912A-1CC6-4A24-9361-AAEA31A0DC44}.Release|x86.Build.0 = Release|Win32
		{0B292D49-8084-4F42-8C09-F68E46EDCA6A}.Debug|x64.ActiveCfg = Debug|x64
		{0B292D49-8084-4F42-8C09-F68E46EDCA6A}.Debug|x64.Build.0 = Debug|x64
		{0B292D49-8084-4F42-8C09-F68E46EDCA6A}.Debug|x86.ActiveCfg = Debug|Win32
		{0B292D49-8084-4F42-8C09-F68E46EDCA6A}.Debug|x86.Build.0 = Debug|Win32
		{0B292D49-8084-4F42-8C09-F68E46EDCA6A}.Release|x64.ActiveCfg = Release|x64
		{0B292D49-8084-4F42-8C09-F68E46EDCA6A}.Release|x64.Build.0 = Release|x64
		{0B292D49-8084-4F42-8C09-F68E46EDCA6A}.Release|x86.ActiveCfg = Release|Win32
		{0B292D49-8084-4F42-8C09-F68E46EDCA6A}.Release|x86.Build.0 = Release|Win32
		{7F68B320-CB7E-4981-8057-A13ABD652194}.Debug|x64.ActiveCfg = Debug|x64
		{7F68B320-CB7E-4981-8057-A13ABD652194}.Debug|x64.Build.0 = Debug|x64
		{7F68B320-CB7E-4981-8057-A13ABD652194}.Debug|x86.ActiveCfg = Debug|Win32
		{7F68B320-CB7E-4981-8057-A13ABD652194}.Debug|x86.Build.0 = Debug|Win32
		{7F68B320-CB7E-4981-8057-A13ABD652194}.Release|x64.ActiveCfg = Release|x64
		{7F68B320-CB7E-4981-8057-A13ABD652194}.Release|x64.Build.0 = Release|x64
		{7F68B320-CB7E-4981-8057-A13ABD652194}.Release|x86.ActiveCfg = Release|Win32
		{7F68B320-CB7E-4981-8057-A13ABD652194}.Release|x86.Build.0 = Release|Win32
		{CCFFCDF9-0F23-4D70-9D36-DD49951BE299}.Debug|x64.ActiveCfg = Debug|x64
		{CCFFCDF9-0F23-4D70-9D36-DD49951BE299}.Debug|x64.Build.0 = Debug|x64
		{CCFFCDF9-0F23-4D70-9D36-DD49951BE299}.Debug|x86.ActiveCfg = Debug|Win32
		{CCFFCDF9-0F23-4D70-9D36-DD49951BE299}.Debug|x86.Build.0 = Debug|Win32
		{CCFFCDF9-0F23-4D70-9D36-DD49951BE299}.Release|x64.ActiveCfg = Release|x64
		{CCFFCDF9-0F23-4D70-9D36-DD49951BE299}.Release|x64.Build.0 = Release|x64
		{CCFFCDF9-0F23-4D70-9D36-DD49951BE299}.Release|x86.ActiveCfg = Release|Win32
		{CCFFCDF9-0F23-4D70-9D36-DD49951BE299}.Release|x86.Build.0 = Release|Win32
		{A8362174-CC98-4D81-95A0-1305A6AA618A}.Debug|x64.ActiveCfg = Debug|x64
		{A8362174-CC98-4D81-95A0-1305A6AA618A}.Debug|x64.Build.0 = Debug|x64
		{A8362174-CC98-4D81-95A0-1305A6AA618A}.Debug|x86.ActiveCfg = Debug|Win32
		{A8362174-CC98-4D81-95A0-1305A6AA618A}.Debug|x86.Build.0 = Debug|Win32
		{A8362174-CC98-4D81-95A0-1305A6AA618A}.Release|x64.ActiveCfg = Release|x64
		{A8362174-CC98-4D81-95A0-1305A6AA618A}.Release|x64.Build.0 = Release|x64
		{A8362174-CC98-4D81-95A0-1305A6AA618A}.Release|x86.ActiveCfg = Release|Win32
		{A8362174-CC98-4D81-95A0-1305A6AA618A}.Release|x86.Build.0 = Release|Win32
		{C01748E9-5370-4348-B8FD-9A593A1CFCC2}.Debug|x64.ActiveCfg = Debug|x64
		{C01748E9-5370-4348-B8FD-9A593A1CFCC2}.Debug|x64.Build.0 = Debug|x64
		{C01748E9-5370-4348-B8FD-9A593A1CFCC2}.Debug|x86.ActiveCfg = Debug|Win32
		{C01748E9-5370-4348-B8FD-9A593A1CFCC2}.Debug|x86.Build.0 = Debug|Win32
		{C01748E9-5370-4348-B8FD-9A593A1CFCC2}.Release|x64.ActiveCfg = Release|x64
		{C01748E9-5370-4348-B8FD-9A593A1CFCC2}.Release|x64.Build.0 = Release|x64
		{C01748E9-5370-4348-B8FD-9A593A1CFCC2}.Release|x86.ActiveCfg = Release|Win32
		{C01748E9-5370-4348-B8FD-9A593A1CFCC2}.Release|x86.Build.0 = Release|Win32
		{7784C069-B93A-4A81-9CE8-D2F68025DB15}.Debug|x64.ActiveCfg = Debug|x64
		{7784C069-B93A-4A81-9CE8-D2F68025DB15}.Debug|x64.Build.0 = Debug|x64
		{7784C069-B93A-4A81-9CE8-D2F68025DB15}.Debug|x86.ActiveCfg = Debug|Win32
		{7784C069-B93A-4A81-9CE8-D2F68025DB15}.Debug|x86.Build.0 = Debug|Win32
		{7784C069-B93A-4A81-9CE8-D2F68025DB15}.Release|x64.ActiveCfg = Release|x64
		{7784C069-B93A-4A81-9CE8-D2F68025DB15}.Release|x64.Build.0 = Release|x64
		{7784C069-B93A-4A81-9CE8-D2F68025DB15}.Release|x86.ActiveCfg = Release|Win32
		{7784C069-B93A-4A81-9CE8-D2F68025DB15}.Release|x86.Build.0 = Release|Win32
		{1596EAE0-920D-4050-94E3-66EFF6952A61}.Debug|x64.ActiveCfg = Debug|x64
		{1596EAE0-920D-4050-94E3-66EFF6952A61}.Debug|x64.Build.0 = Debug|x64
		{1596EAE0-920D-4050-94E3-66EFF6952A61}.Debug|x86.ActiveCfg = Debug|Win32
		{1596EAE0-920D-4050-94E3-66EFF6952A61}.Debug|x86.Build.0 = Debug|Win32
		{1596EAE0-920D-4050-94E3-66EFF6952A61}.Release|x64.ActiveCfg = Release|x64
		{1596EAE0-920D-4050-94E3-66EFF6952A61}.Release|x64.Build.0 = Release|x64
		{1596EAE0-920D-4050-94E3-66EFF6952A61}.Release|x86.ActiveCfg = Release|Win32
		{1596EAE0-920D-4050-94E3-66EFF6952A61}.Release|x86.Build.0 = Release|Win32
		{CE705A6C-1A9E-4A75-9DD8-E4B347F9F06D}.Debug|x64.ActiveCfg = Debug|x64
		{CE705A6C-1A9E-4A75-9DD8-E4B347F9F06D}.Debug|x64.Build.0 = Debug|x64
		{CE705A6C-1A9E-4A75-9DD8-E4B347F9F06D}.Debug|x86.ActiveCfg = Debug|Win32
		{CE705A6C-1A9E-4A75-9DD8-E4B347F9F06D}.Debug|x86.Build.0 = Debug|Win32
		{CE705A6C-1A9E-4A75-9DD8-E4B347F9F06D}.Release|x64.ActiveCfg = Release|x64
		{CE705A6C-1A9E-4A75-9DD8-E4B347F9F06D}.Release|x64.Build.0 = Release|x64
		{CE705A6C-1A9E-4A75-9DD8-E4B347F9F06D}.Release|x86.ActiveCfg = Release|Win32
		{CE705A6C-1A9E-4A75-9DD8-E4B347F9F06D}.Release|x86.Build.0 = Release|Win32
		{6A59FB61-EA40-4F97-8F54-73F3863A5771}.Debug|x64.ActiveCfg = Debug|x64
		{6A59FB61-EA40-4F97-8F54-73F3863A5771}.Debug|x64.Build.0 = Debug|x64
		{6A59FB61-EA40-4F97-8F54-73F3863A5771}.Debug|x86.ActiveCfg = Debug|Win32
		{6A59FB61-EA40-4F97-8F54-73F3863A5771}.Debug|x86.Build.0 = Debug|Win32
		{6A59FB61-EA40-4F97-8F54-73F3863A5771}.Release|x64.ActiveCfg = Release|x64
		{6A59FB61-EA40-4F97-8F54-73F3863A5771}.Release|x64.Build.0 = Release|x64
		{6A59FB61-EA40-4F97-8F54-73F3863A5771}.Release|x86.ActiveCfg = Release|Win32
		{6A59FB61-EA40-4F97-8F54-73F3863A5771}.Release|x86.Build.0 = Release|Win32
		{60CB1FC6-7500-4210-93CC-5B9FA14126B4}.Debug|x64.ActiveCfg = Debug|x64
		{60CB1FC6-7500-4210-93CC-5B9FA14126B4}.Debug|x64.Build.0 = Debug|x64
		{60CB1FC6-7500-4210-93CC-5B9FA14126B4}.Debug|x86.ActiveCfg = Debug|Win32
		{60CB1FC6-7500-4210-93CC-5B9FA14126B4}.Debug|x86.Build.0 = Debug|Win32
		{60CB1FC6-7500-4210-93CC-5B9FA14126B4}.Release|x64.ActiveCfg = Release|x64
		{60CB1FC6-7500-4210-93CC-5B9FA14126B4}.Release|x64.Build.0 = Release|x64
		{60CB1FC6-7500-4210-93CC-5B9FA14126B4}.Release|x86.ActiveCfg = Release|Win32
		{60CB1FC6-7500-4210-93CC-5B9FA14126B4}.Release|x86.Build.0 = Release|Win32
		{7DC6E363-FF4C-4410-9BE2-2BADA5E71093}.Debug|x64.ActiveCfg = Debug|x64
		{7DC6E363-FF4C-4410-9BE2-2BADA5E71093}.Debug|x64.Build.0 = Debug|x64
		{7DC6E363-FF4C-4410-9BE2-2BADA5E71093}.Debug|x86.ActiveCfg = Debug|Win32
		{7DC6E363-FF4C-4410-9BE2-2BADA5E71093}.Debug|x86.Build.0 = Debug|Win32
		{7DC6E363-FF4C-4410-9BE2-2BADA5E71093}.Release|x64.ActiveCfg = Release|x64
		{7DC6E363-FF4C-4410-9BE2-2BADA5E71093}.Release|x64.Build.0 = Release|x64
		{7DC6E363-FF4C-4410-9BE2-2BADA5E71093}.Release|x86.ActiveCfg = Release|Win32
		{7DC6E363-FF4C-4410-9BE2-2BADA5E71093}.Release|x86.Build.0 = Release|Win32
		{1A2E21BC-91D7-43D3-8DA1-D457CA00B292}.Debug|x64.ActiveCfg = Debug|x64
		{1A2E21BC-91D7-43D3-8DA1-D457CA00B292}.Debug|x64.Build.0 = Debug|x64
		{1A2E21BC-91D7-43D3-8DA1-D457CA00B292}.Debug|x86.ActiveCfg = Debug|Win32
		{1A2E21BC-91D7-43D3-8DA1-D457CA00B292}.Debug|x86.Build.0 = Debug|Win32
		{1A2E21BC-91D7-43D3-8DA1-D457CA00B292}.Release|x64.ActiveCfg = Release|x64
		{1A2E21BC-91D7-43D3-8DA1-D457CA00B292}.Release|x64.Build.0 = Release|x64
		{1A2E21BC-91D7-43D3-8DA1-D457CA00B292}.Release|x86.ActiveCfg = Release|Win32
		{1A2E21BC-91D7-43D3-8DA1-D457CA00B292}.Release|x86.Build.0 = Release|Win32
		{D113E623-C279-4C8F-8D00-0CA56F0AE72E}.Debug|x64.ActiveCfg = Debug|x64
		{D113E623-C279-4C8F-8D00-0CA56F0AE72E}.Debug|x64.Build.0 = Debug|x64
		{D113E623-C279-4C8F-8D00-0CA56F0AE72E}.Debug|x86.ActiveCfg = Debug|Win32
		{D113E623-C279-4C8F-8D00-0CA56F0AE72E}.Debug|x86.Build.0 = Debug|Win32
		{D113E623-C279-4C8F-8D00-0CA56F0AE72E}.Release|x64.ActiveCfg = Release|x64
		{D113E623-C279-4C8F-8D00-0CA56F0AE72E}.Release|x64.Build.0 = Release|x64
		{D113E623-C279-4C8F-8D00-0CA56F0AE72E}.Release|x86.ActiveCfg = Release|Win32
		{D113E623-C279-4C8F-8D00-0CA56F0AE72E}.Release|x86.Build.0 = Release|Win32
		{CBCC5C5D-8C76-4713-92B7-7A4915D7C09C}.Debug|x64.ActiveCfg = Debug|x64
		{CBCC5C5D-8C76-4713-92B7-7A4915D7C09C}.Debug|x64.Build.0 = Debug|x64
		{CBCC5C5D-8C76-4713-92B7-7A4915D7C09C}.Debug|x86.ActiveCfg = Debug|Win32
		{CBCC5C5D-8C76-4713-92B7-7A4915D7C09C}.Debug|x86.Build.0 = Debug|Win32
		{CBCC5C5D-8C76-4713-92B7-7A4915D7C09C}.Release|x64.ActiveCfg = Release|x64
		{CBCC5C5D-8C76-4713-92B7-7A4915D7C09C}.Release|x64.Build.0 = Release|x64
		{CBCC5C5D-8C76-4713-92B7-7A4915D7C09C}.Release|x86.ActiveCfg = Release|Win32
		{CBCC5C5D-8C76-4713-92B7-7A4915D7C09C}.Release|x86.Build.0 = Release|Win32
		{8B339464-A5C0-4285-B2EF-B72B866085AC}.Debug|x64.ActiveCfg = Debug|x64
		{8B339464-A5C0-4285-B2EF-B72B866085AC}.Debug|x64.Build.0 = Debug|x64
		{8B339464-A5C0-4285-B2EF-B72B866085AC}.Debug|x86.ActiveCfg = Debug|Win32
		{8B339464-A5C0-4285-B2EF-B72B866085AC}.Debug|x86.Build.0 = Debug|Win32
		{8B339464-A5C0-4285-B2EF-B72B866085AC}.Release|x64.ActiveCfg = Release|x64
		{8B339464-A5C0-4285-B2EF-B72B866085AC}.Release|x64.Build.0 = Release|x64
		{8B339464-A5C0-4285-B2EF-B72B866085AC}.Release|x86.ActiveCfg = Release|Win32
		{8B339464-A5C0-4285-B2EF-B72B866085AC}.Release|x86.Build.0 = Release|Win32
		{EBE1BE6B-CD66-47ED-A2A2-6B4B37D9B87A}.Debug|x64.ActiveCfg = Debug|x64
		{EBE1BE6B-CD66-47ED-A2A2-6B4B37D9B87A}.Debug|x64.Build.0 = Debug|x64
		{EBE1BE6B-CD66-47ED-A2A2-6B4B37D9B87A}.Debug|x86.ActiveCfg = Debug|Win32
		{EBE1BE6B-CD66-47ED-A2A2-6B4B37D9B87A}.Debug|x86.Build.0 = Debug|Win32
		{EBE1BE6B-CD66-47ED-A2A2-6B4B37D9B87A}.Release|x64.ActiveCfg = Release|x64
		{EBE1BE6B-CD66-47ED-A2A2-6B4B37D9B87A}.Release|x64.Build.0 = Release|x64
		{EBE1BE6B-CD66-47ED-A2A2-6B4B37D9B87A}.Release|x86.ActiveCfg = Release|Win32
		{EBE1BE6B-CD66-47ED-A2A2-6B4B37D9B87A}.Release|x86.Build.0 = Release|Win32
		{E3097709-5EEC-494A-9639-C9BAC2A03778}.Debug|x64.ActiveCfg = Debug|x64
		{E3097709-5EEC-494A-9639-C9BAC2A03778}.Debug|x64.Build.0 = Debug|x64
		{E3097709-5EEC-494A-9639-C9BAC2A03778}.Debug|x86.ActiveCfg = Debug|Win32
		{E3097709-5EEC-494A-9639-C9BAC2A03778}.Debug|x86.Build.0 = Debug|Win32
		{E3097709-5EEC-494A-9639-C9BAC2A03778}.Release|x64.ActiveCfg = Release|x64
		{E3097709-5EEC-494A-9639-C9BAC2A03778}.Release|x64.Build.0 = Release|x64
		{E3097709-5EEC-494A-9639-C9BAC2A03778}.Release|x86.ActiveCfg = Release|Win32
		{E3097709-5EEC-494A-9639-C9BAC2A03778}.Release|x86.Build.0 = Release|Win32
		{7ACD28D4-5AA4-463D-AFE3-5EDED087C066}.Debug|x64.ActiveCfg = Debug|x64
		{7ACD28D4-5AA4-463D-AFE3-5EDED087C066}.Debug|x64.Build.0 = Debug|x64
		{7ACD28D4-5AA4-463D-AFE3-5EDED087C066}.Debug|x86.ActiveCfg = Debug|Win32
		{7ACD28D4-5AA4-463D-AFE3-5EDED087C066}.Debug|x86.Build.0 = Debug|Win32
		{7ACD28D4-5AA4-463D-AFE3-5EDED087C066}.Release|x64.ActiveCfg = Release|x64
		{7ACD28D4-5AA4-463D-AFE3-5EDED087C066}.Release|x64.Build.0 = Release|x64
		{7ACD28D4-5AA4-463D-AFE3-5EDED087C066}.Release|x86.ActiveCfg = Release|Win32
		{7ACD28D4-5AA4-463D-AFE3-5EDED087C066}.Release|x86.Build.0 = Release|Win32
		{2BA2EF84-DD11-4183-A896-08DF4CBA3C91}.Debug|x64.ActiveCfg = Debug|x64
		{2BA2EF84-DD11-4183-A896-08DF4CBA3C91}.Debug|x64.Build.0 = Debug|x64
		{2BA2EF84-DD11-4183-A896-08DF4CBA3C91}.Debug|x86.ActiveCfg = Debug|Win32
		{2BA2EF84-DD11-4183-A896-08DF4CBA3C91}.Debug|x86.Build.0 = Debug|Win32
		{2BA2EF84-DD11-4183-A896-08DF4CBA3C91}.Release|x64.ActiveCfg = Release|x64
		{2BA2EF84-DD11-4183-A896-08DF4CBA3C91}.Release|x64.Build.0 = Release|x64
		{2BA2EF84-DD11-4183-A896-08DF4CBA3C91}.Release|x86.ActiveCfg = Release|Win32
		{2BA2EF84-DD11-4183-A896-08DF4CBA3C91}.Release|x86.Build.0 = Release|Win32
		{4A014E87-8408-4DE3-BE2A-AE5596D7B33D}.Debug|x64.ActiveCfg = Debug|x64
		{4A014E87-8408-4DE3-BE2A-AE5596D7B33D}.Debug|x64.Build.0 = Debug|x64
		{4A014E87-8408-4DE3-BE2A-AE5596D7B33D}.Debug|x86.ActiveCfg = Debug|Win32
		{4A014E87-8408-4DE3-BE2A-AE5596D7B33D}.Debug|x86.Build.0 = Debug|Win32
		{4A014E87-8408-4DE3-BE2A-AE5596D7B33D}.Release|x64.ActiveCfg = Release|x64
		{4A014E87-8408-4DE3-BE2A-AE5596D7B33D}.Release|x64.Build.0 = Release|x64
		{4A014E87-8408-4DE3-BE2A-AE5596D7B33D}.Release|x86.ActiveCfg = Release|Win32
		{4A014E87-8408-4DE3-BE2A-AE5596D7B33D}.Release|x86.Build.0 = Release|Win32
		{A4F24B9D-41CD-46B4-A05D-CC94744005FC}.Debug|x64.ActiveCfg = Debug|x64
		{A4F24B9D-41CD-46B4-A05D-CC94744005FC}.Debug|x64.Build.0 = Debug|x64
		{A4F24B9D-41CD-46B4-A05D-CC94744005FC}.Debug|x86.ActiveCfg = Debug|Win32
		{A4F24B9D-41CD-46B4-A05D-CC94744005FC}.Debug|x86.Build.0 = Debug|Win32
		{A4F24B9D-41CD-46B4-A05D-CC94744005FC}.Release|x64.ActiveCfg = Release|x64
		{A4F24B9D-41CD-46B4-A05D-CC94744005FC}.Release|x64.Build.0 = Release|x64
		{A4F24B9D-41CD-46B4-A05D-CC94744005FC}.Release|x86.ActiveCfg = Release|Win32
		{A4F24B9D-41CD-46B4-A05D-CC94744005FC}.Release|x86.Build.0 = Release|Win32
		{F7561C29-BBFC-4D8B-ADF4-2FC8938CE639}.Debug|x64.ActiveCfg = Debug|x64
		{F7561C29-BBFC-4D8B-ADF4-2FC8938CE639}.Debug|x64.Build.0 = Debug|x64
		{F7561C29-BBFC-4D8B-ADF4-2FC8938CE639}.Debug|x86.ActiveCfg = Debug|Win32
		{F7561C29-BBFC-4D8B-ADF4-2FC8938CE639}.Debug|x86.Build.0 = Debug|Win32
		{F7561C29-BBFC-4D8B-ADF4-2FC8938CE639}.Release|x64.ActiveCfg = Release|x64
		{F7561C29-BBFC-4D8B-ADF4-2FC8938CE639}.Release|x64.Build.0 = Release|x64
		{F7561C29-BBFC-4D8B-ADF4-2FC8938CE639}.Release|x86.ActiveCfg = Release|Win32
		{F7561C29-BBFC-4D8B-ADF4-2FC8938CE639}.Release|x86.Build.0 = Release|Win32
		{9E61AF8E-4E44-4BBC-A623-F7E08DC5AFB4}.Debug|x64.ActiveCfg = Debug|x64
		{9E61AF8E-4E44-4BBC-A623-F7E08DC5AFB4}.Debug|x64.Build.0 = Debug|x64
		{9E61AF8E-4E44-4BBC-A623-F7E08DC5AFB4}.Debug|x86.ActiveCfg = Debug|Win32
		{9E61AF8E-4E44-4BBC-A623-F7E08DC5AFB4}.Debug|x86.Build.0 = Debug|Win32
		{9E61AF8E-4E44-4BBC-A623-F7E08DC5AFB4}.Release|x64.ActiveCfg = Release|x64
		{9E61AF8E-4E44-4BBC-A623-F7E08DC5AFB4}.Release|x64.Build.0 = Release|x64
		{9E61AF8E-4E44-4BBC-A623-F7E08DC5AFB4}.Release|x86.ActiveCfg = Release|Win32
		{9E61AF8E-4E44-4BBC-A623-F7E08DC5AFB4}.Release|x86.Build.0 = Release|Win32
		{A0F897AF-13CD-45C3-BFC3-1D67383976BA}.Debug|x64.ActiveCfg = Debug|x64
		{A0F897AF-13CD-45C3-BFC3-1D67383976BA}.Debug|x64.Build.0 = Debug|x64
		{A0F897AF-13CD-45C3-BFC3-1D67383976BA}.Debug|x86.ActiveCfg = Debug|Win32
		{A0F897AF-13CD-45C3-BFC3-1D67383976BA}.Debug|x86.Build.0 = Debug|Win32
		{A0F897AF-13CD-45C3-BFC3-1D67383976BA}.Release|x64.ActiveCfg = Release|x64
		{A0F897AF-13CD-45C3-BFC3-1D67383976BA}.Release|x64.Build.0 = Release|x64
		{A0F897AF-13CD-45C3-BFC3-1D67383976BA}.Release|x86.ActiveCfg = Release|Win32
		{A0F897AF-13CD-45C3-BFC3-1D67383976BA}.Release|x86.Build.0 = Release|Win32
		{9449A0AD-3F1F-447F-BD1A-ABA32FB90C8B}.Debug|x64.ActiveCfg = Debug|x64
		{9449A0AD-3F1F-447F-BD1A-ABA32FB90C8B}.Debug|x64.Build.0 = Debug|x64
		{9449A0AD-3F1F-447F-BD1A-ABA32FB90C8B}.Debug|x86.ActiveCfg = Debug|Win32
		{9449A0AD-3F1F-447F-BD1A-ABA32FB90C8B}.Debug|x86.Build.0 = Debug|Win32
		{9449A0AD-3F1F-447F-BD1A-ABA32FB90C8B}.Release|x64.ActiveCfg = Release|x64
		{9449A0AD-3F1F-447F-BD1A-ABA32FB90C8B}.Release|x64.Build.0 = Release|x64
		{9449A0AD-3F1F-447F-BD1A-ABA32FB90C8B}.Release|x86.ActiveCfg = Release|Win32
		{9449A0AD-3F1F-447F-BD1A-ABA32FB90C8B}.Release|x86.Build.0 = Release|Win32
		{AE548B98-8DB8-4C6E-B8A6-AD0A92BD2C4A}.Debug|x64.ActiveCfg = Debug|x64
		{AE548B98-8DB8-4C6E-B8A6-AD0A92BD2C4A}.Debug|x64.Build.0 = Debug|x64
		{AE548B98-8DB8-4C6E-B8A6-AD0A92BD2C4A}.Debug|x86.ActiveCfg = Debug|Win32
		{AE548B98-8DB8-4C6E-B8A6-AD0A92BD2C4A}.Debug|x86.Build.0 = Debug|Win32
		{AE548B98-8DB8-4C6E-B8A6-AD0A92BD2C4A}.Release|x64.ActiveCfg = Release|x64
		{AE548B98-8DB8-4C6E-B8A6-AD0A92BD2C4A}.Release|x64.Build.0 = Release|x64
		{AE548B98-8DB8-4C6E-B8A6-AD0A92BD2C4A}.Release|x86.ActiveCfg = Release|Win32
		{AE548B98-8DB8-4C6E-B8A6-AD0A92BD2C4A}.Release|x86.Build.0 = Release|Win32
		{6044FDFE-D552-42AB-AA95-B1DC380E2A93}.Debug|x64.ActiveCfg = Debug|x64
		{6044FDFE-D552-42AB-AA95-B1DC380E2A93}.Debug|x64.Build.0 = Debug|x64
		{6044FDFE-D552-42AB-AA95-B1DC380E2A93}.Debug|x86.ActiveCfg = Debug|Win32
		{6044FDFE-D552-42AB-AA95-B1DC380E2A93}.Debug|x86.Build.0 = Debug|Win32
		{6044FDFE-D552-42AB-AA95-B1DC380E2A93}.Release|x64.ActiveCfg = Release|x64
		{6044FDFE-D552-42AB-AA95-B1DC380E2A93}.Release|x64.Build.0 = Release|x64
		{6044FDFE-D552-42AB-AA95-B1DC380E2A93}.Release|x86.ActiveCfg = Release|Win32
		{6044FDFE-D552-42AB-AA95-B1DC380E2A93}.Release|x86.Build.0 = Release|Win32
		{84F7D43D-4FA2-4C43-92AE-B5ADEFFD2C78}.Debug|x64.ActiveCfg = Debug|x64
		{84F7D43D-4FA2-4C43-92AE-B5ADEFFD2C78}.Debug|x64.Build.0 = Debug|x64
		{84F7D43D-4FA2-4C43-92AE-B5ADEFFD2C78}.Debug|x86.ActiveCfg = Debug|Win32
		{84F7D43D-4FA2-4C43-92AE-B5ADEFFD2C78}.Debug|x86.Build.0 = Debug|Win32
		{84F7D43D-4FA2-4C43-92AE-B5ADEFFD2C78}.Release|x64.ActiveCfg = Release|x64
		{84F7D43D-4FA2-4C43-92AE-B5ADEFFD2C78}.Release|x64.Build.0 = Release|x64
		{84F7D43D-4FA2-4C43-92AE-B5ADEFFD2C78}.Release|x86.ActiveCfg = Release|Win32
		{84F7D43D-4FA2-4C43-92AE-B5ADEFFD2C78}.Release|x86.Build.0 = Release|Win32
		{383D3F8B-5E02-4772-8271-ACD47E348E8C}.Debug|x64.ActiveCfg = Debug|x64
		{383D3F8B-5E02-4772-8271-ACD47E348E8C}.Debug|x64.Build.0 = Debug|x64
		{383D3F8B-5E02-4772-8271-ACD47E348E8C}.Debug|x86.ActiveCfg = Debug|Win32
		{383D3F8B-5E02-4772-8271-ACD47E348E8C}.Debug|x86.Build.0 = Debug|Win32
		{383D3F8B-5E02-4772-8271-ACD47E348E8C}.Release|x64.ActiveCfg = Release|x64
		{383D3F8B-5E02-4772-8271-ACD47E348E8C}.Release|x64.Build.0 = Release|x64
		{383D3F8B-5E02-4772-8271-ACD47E348E8C}.Release|x86.ActiveCfg = Release|Win32
		{383D3F8B-5E02-4772-8271-ACD47E348E8C}.Release|x86.Build.0 = Release|Win32
		{39E32794-01BE-4864-B507-2E2345169836}.Debug|x64.ActiveCfg = Debug|x64
		{39E32794-01BE-4864-B507-2E2345169836}.Debug|x64.Build.0 = Debug|x64
		{39E32794-01BE-4864-B507-2E2345169836}.Debug|x86.ActiveCfg = Debug|Win32
		{39E32794-01BE-4864-B507-2E2345169836}.Debug|x86.Build.0 = Debug|Win32
		{39E32794-01BE-4864-B507-2E2345169836}.Release|x64.ActiveCfg = Release|x64
		{39E32794-01BE-4864-B507-2E2345169836}.Release|x64.Build.0 = Release|x64
		{39E32794-01BE-4864-B507-2E2345169836}.Release|x86.ActiveCfg = Release|Win32
		{39E32794-01BE-4864-B507-2E2345169836}.Release|x86.Build.0 = Release|Win32
		{94918B63-7F78-4098-BD24-FA1304DF890D}.Debug|x64.ActiveCfg = Debug|x64
		{94918B63-7F78-4098-BD24-FA1304DF890D}.Debug|x64.Build.0 = Debug|x64
		{94918B63-7F78-4098-BD24-FA1304DF890D}.Debug|x86.ActiveCfg = Debug|Win32
		{94918B63-7F78-4098-BD24-FA1304DF890D}.Debug|x86.Build.0 = Debug|Win32
		{94918B63-7F78-4098-BD24-FA1304DF890D}.Release|x64.ActiveCfg = Release|x64
		{94918B63-7F78-4098-BD24-FA1304DF890D}.Release|x64.Build.0 = Release|x64
		{94918B63-7F78-4098-BD24-FA1304DF890D}.Release|x86.ActiveCfg = Release|Win32
		{94918B63-7F78-4098-BD24-FA1304DF890D}.Release|x86.Build.0 = Release|Win32
		{5ACFE1BE-0CBA-404A-AAF6-4E4641A4417B}.Debug|x64.ActiveCfg = Debug|x64
		{5ACFE1BE-0CBA-404A-AAF6-4E4641A4417B}.Debug|x64.Build.0 = Debug|x64
		{5ACFE1BE-0CBA-404A-AAF6-4E4641A4417B}.Debug|x86.ActiveCfg = Debug|Win32
		{5ACFE1BE-0CBA-404A-AAF6-4E4641A4417B}.Debug|x86.Build.0 = Debug|Win32
		{5ACFE1BE-0CBA-404A-AAF6-4E4641A4417B}.Release|x64.ActiveCfg = Release|x64
		{5ACFE1BE-0CBA-404A-AAF6-4E4641A4417B}.Release|x64.Build.0 = Release|x64
		{5ACFE1BE-0CBA-404A-AAF6-4E4641A4417B}.Release|x86.ActiveCfg = Release|Win32
		{5ACFE1BE-0CBA-404A-AAF6-4E4641A4417B}.Release|x86.Build.0 = Release|Win32
		{DE339AAF-BFFE-4096-8BCD-68279E94C9A7}.Debug|x64.ActiveCfg = Debug|x64
		{DE339AAF-BFFE-4096-8BCD-68279E94C9A7}.Debug|x64.Build.0 = Debug|x64
		{DE339AAF-BFFE-4096-8BCD-68279E94C9A7}.Debug|x86.ActiveCfg = Debug|Win32
		{DE339AAF-BFFE-4096-8BCD-68279E94C9A7}.Debug|x86.Build.0 = Debug|Win32
		{DE339AAF-BFFE-4096-8BCD-68279E94C9A7}.Release|x64.ActiveCfg = Release|x64
		{DE339AAF-BFFE-4096-8BCD-68279E94C9A7}.Release|x64.Build.0 = Release|x64
		{DE339AAF-BFFE-4096-8BCD-68279E94C9A7}.Release|x86.ActiveCfg = Release|Win32
		{DE339AAF-BFFE-4096-8BCD-68279E94C9A7}.Release|x86.Build.0 = Release|Win32
	EndGlobalSection
	GlobalSection(SolutionProperties) = preSolution
		HideSolutionNode = FALSE
	EndGlobalSection
	GlobalSection(ExtensibilityGlobals) = postSolution
		SolutionGuid = {3C6E6730-FF36-47A2-8884-68CDF1B0FA7C}
	EndGlobalSection
EndGlobal
